// !$*UTF8*$!
{
	archiveVersion = 1;
	classes = {
	};
	objectVersion = 77;
	objects = {

/* Begin PBXBuildFile section */
		AF0A09DD2F4653C400A12964 /* VPNConfiguration.swift in Sources */ = {isa = PBXBuildFile; fileRef = AF0A09DC2F4653C100A12964 /* VPNConfiguration.swift */; };
		AF0A09DF2F4653D400A12964 /* VPNProvider.swift in Sources */ = {isa = PBXBuildFile; fileRef = AF0A09DE2F4653D300A12964 /* VPNProvider.swift */; };
		AF0A09E12F4653F300A12964 /* UsernameGenerator.swift in Sources */ = {isa = PBXBuildFile; fileRef = AF0A09E02F4653DC00A12964 /* UsernameGenerator.swift */; };
		AF127CEB2F9AC61D00EE34E2 /* GoogleService-Info.plist in Resources */ = {isa = PBXBuildFile; fileRef = AF127CEA2F9AC61D00EE34E2 /* GoogleService-Info.plist */; };
		AF127CF02F9AC70400EE34E2 /* FirebaseAnalytics in Frameworks */ = {isa = PBXBuildFile; productRef = AF127CEF2F9AC70400EE34E2 /* FirebaseAnalytics */; };
		AF127CF22F9AC70400EE34E2 /* FirebaseCore in Frameworks */ = {isa = PBXBuildFile; productRef = AF127CF12F9AC70400EE34E2 /* FirebaseCore */; };
		AF127CF42F9AC70400EE34E2 /* FirebaseCrashlytics in Frameworks */ = {isa = PBXBuildFile; productRef = AF127CF32F9AC70400EE34E2 /* FirebaseCrashlytics */; };
		AF127CF62F9AC70400EE34E2 /* FirebaseRemoteConfig in Frameworks */ = {isa = PBXBuildFile; productRef = AF127CF52F9AC70400EE34E2 /* FirebaseRemoteConfig */; };
		AF127CF92F9ACA8100EE34E2 /* RemoteConfigKey.swift in Sources */ = {isa = PBXBuildFile; fileRef = AF127CF82F9ACA7E00EE34E2 /* RemoteConfigKey.swift */; };
		AF127CFB2F9ACA9800EE34E2 /* RemoteConfigManager.swift in Sources */ = {isa = PBXBuildFile; fileRef = AF127CFA2F9ACA9600EE34E2 /* RemoteConfigManager.swift */; };
		AF127D022F9FBA8800EE34E2 /* AppUtils.swift in Sources */ = {isa = PBXBuildFile; fileRef = AF127D012F9FBA8200EE34E2 /* AppUtils.swift */; };
		AF401AA02F4CC79700EF265C /* BrowserJetTextfieldStyleProtocol.swift in Sources */ = {isa = PBXBuildFile; fileRef = AF401A9F2F4CC78F00EF265C /* BrowserJetTextfieldStyleProtocol.swift */; };
		AF401AA22F4CD7F800EF265C /* TextFieldStyleProvider.swift in Sources */ = {isa = PBXBuildFile; fileRef = AF401AA12F4CD7F600EF265C /* TextFieldStyleProvider.swift */; };
		AF401AA42F4CD89D00EF265C /* BrowserJetTextField.swift in Sources */ = {isa = PBXBuildFile; fileRef = AF401AA32F4CD89D00EF265C /* BrowserJetTextField.swift */; };
		AF401AA62F4CEABD00EF265C /* ValidationRule.swift in Sources */ = {isa = PBXBuildFile; fileRef = AF401AA52F4CEABD00EF265C /* ValidationRule.swift */; };
		AF401AA82F4CF17000EF265C /* LoadingOverlayView.swift in Sources */ = {isa = PBXBuildFile; fileRef = AF401AA72F4CF17000EF265C /* LoadingOverlayView.swift */; };
		AF401AAA2F4CF18B00EF265C /* LoadingOverlayModifier.swift in Sources */ = {isa = PBXBuildFile; fileRef = AF401AA92F4CF18B00EF265C /* LoadingOverlayModifier.swift */; };
		AF401AAD2F4D1A2200EF265C /* APIEnvironment.swift in Sources */ = {isa = PBXBuildFile; fileRef = AF401AAC2F4D1A2200EF265C /* APIEnvironment.swift */; };
		AF401AAF2F4D1A5B00EF265C /* APIError.swift in Sources */ = {isa = PBXBuildFile; fileRef = AF401AAE2F4D1A5B00EF265C /* APIError.swift */; };
		AF401AB12F4D1A7D00EF265C /* APIClient.swift in Sources */ = {isa = PBXBuildFile; fileRef = AF401AB02F4D1A7D00EF265C /* APIClient.swift */; };
		AF401AB42F4D1A9B00EF265C /* EndpointProtocol.swift in Sources */ = {isa = PBXBuildFile; fileRef = AF401AB32F4D1A9B00EF265C /* EndpointProtocol.swift */; };
		AF401AB72F4D1AE300EF265C /* LicenseService.swift in Sources */ = {isa = PBXBuildFile; fileRef = AF401AB62F4D1AE300EF265C /* LicenseService.swift */; };
		AF401AB92F4D1B0400EF265C /* ProxyService.swift in Sources */ = {isa = PBXBuildFile; fileRef = AF401AB82F4D1B0400EF265C /* ProxyService.swift */; };
		AF401ABB2F4D1B1100EF265C /* AppUpdateService.swift in Sources */ = {isa = PBXBuildFile; fileRef = AF401ABA2F4D1B1100EF265C /* AppUpdateService.swift */; };
		AF401ABD2F4D1BC800EF265C /* LicenseEndpoint.swift in Sources */ = {isa = PBXBuildFile; fileRef = AF401ABC2F4D1BC800EF265C /* LicenseEndpoint.swift */; };
		AF401ABF2F4D1BE900EF265C /* ProxyEndpoint.swift in Sources */ = {isa = PBXBuildFile; fileRef = AF401ABE2F4D1BE900EF265C /* ProxyEndpoint.swift */; };
		AF401AC12F4D1C3000EF265C /* HTTPMethod.swift in Sources */ = {isa = PBXBuildFile; fileRef = AF401AC02F4D1C3000EF265C /* HTTPMethod.swift */; };
		AF401AC32F4D1C5B00EF265C /* AppUpdateEndpoint.swift in Sources */ = {isa = PBXBuildFile; fileRef = AF401AC22F4D1C5B00EF265C /* AppUpdateEndpoint.swift */; };
		AF401AC52F4D2BE800EF265C /* DateFormatterProvider.swift in Sources */ = {isa = PBXBuildFile; fileRef = AF401AC42F4D2BE700EF265C /* DateFormatterProvider.swift */; };
		AF401AC82F4D2C1600EF265C /* LicenseEnums.swift in Sources */ = {isa = PBXBuildFile; fileRef = AF401AC72F4D2C1500EF265C /* LicenseEnums.swift */; };
		AF401ACA2F4D2C3F00EF265C /* VerifyKeyResponse.swift in Sources */ = {isa = PBXBuildFile; fileRef = AF401AC92F4D2C3F00EF265C /* VerifyKeyResponse.swift */; };
		AF401ACC2F4D2C8400EF265C /* PersistedLicense.swift in Sources */ = {isa = PBXBuildFile; fileRef = AF401ACB2F4D2C8400EF265C /* PersistedLicense.swift */; };
		AF401ACF2F4D2CA700EF265C /* LicenseStore.swift in Sources */ = {isa = PBXBuildFile; fileRef = AF401ACE2F4D2CA700EF265C /* LicenseStore.swift */; };
		AF401AD12F4D37E500EF265C /* SystemInfo.swift in Sources */ = {isa = PBXBuildFile; fileRef = AF401AD02F4D37E500EF265C /* SystemInfo.swift */; };
		AF498D2F2F4AB8AD004C03B3 /* ProxyPoolService.swift in Sources */ = {isa = PBXBuildFile; fileRef = AF498D2E2F4AB8AC004C03B3 /* ProxyPoolService.swift */; };
		AF498D312F4AB8F1004C03B3 /* StaticAuthProxyProvider.swift in Sources */ = {isa = PBXBuildFile; fileRef = AF498D302F4AB8F1004C03B3 /* StaticAuthProxyProvider.swift */; };
		AF498D342F4B6D62004C03B3 /* ActivationRootView.swift in Sources */ = {isa = PBXBuildFile; fileRef = AF498D332F4B6D61004C03B3 /* ActivationRootView.swift */; };
		AF498D362F4B6D69004C03B3 /* ActivationViewModel.swift in Sources */ = {isa = PBXBuildFile; fileRef = AF498D352F4B6D68004C03B3 /* ActivationViewModel.swift */; };
		AF498D3A2F4B7119004C03B3 /* BrowserJetSegmentedPicker.swift in Sources */ = {isa = PBXBuildFile; fileRef = AF498D392F4B7119004C03B3 /* BrowserJetSegmentedPicker.swift */; };
		AF56EEE52F3CBADE00E49C58 /* CardContainer.swift in Sources */ = {isa = PBXBuildFile; fileRef = AF56EEE42F3CBADE00E49C58 /* CardContainer.swift */; };
		AF56EEE72F3CBB3A00E49C58 /* AddressFieldBase.swift in Sources */ = {isa = PBXBuildFile; fileRef = AF56EEE62F3CBB3200E49C58 /* AddressFieldBase.swift */; };
		AF56EEE92F3CC2D600E49C58 /* DesignSystem.swift in Sources */ = {isa = PBXBuildFile; fileRef = AF56EEE82F3CC2D200E49C58 /* DesignSystem.swift */; };
		AF56EEEB2F3CC30800E49C58 /* DesignSystem+Environment.swift in Sources */ = {isa = PBXBuildFile; fileRef = AF56EEEA2F3CC30100E49C58 /* DesignSystem+Environment.swift */; };
		AF56EEED2F3CC4B700E49C58 /* TextFieldStyles.swift in Sources */ = {isa = PBXBuildFile; fileRef = AF56EEEC2F3CC4B500E49C58 /* TextFieldStyles.swift */; };
		AF56EEEF2F3CC94100E49C58 /* LauncherSearchField.swift in Sources */ = {isa = PBXBuildFile; fileRef = AF56EEEE2F3CC93700E49C58 /* LauncherSearchField.swift */; };
		AF56EEF42F3CCDB500E49C58 /* Color+Init.swift in Sources */ = {isa = PBXBuildFile; fileRef = AF56EEF32F3CCDB200E49C58 /* Color+Init.swift */; };
		AF56EEF72F3CCE4900E49C58 /* Colors.xcassets in Resources */ = {isa = PBXBuildFile; fileRef = AF56EEF62F3CCE4900E49C58 /* Colors.xcassets */; };
		AF56EEF92F3CD8A800E49C58 /* GlassPillToggle.swift in Sources */ = {isa = PBXBuildFile; fileRef = AF56EEF82F3CD8A200E49C58 /* GlassPillToggle.swift */; };
		AF56EEFB2F3CFA8E00E49C58 /* BrowserJetDivider.swift in Sources */ = {isa = PBXBuildFile; fileRef = AF56EEFA2F3CFA8E00E49C58 /* BrowserJetDivider.swift */; };
		AF56EEFD2F3CFD0B00E49C58 /* BrowserJetMenuPicker.swift in Sources */ = {isa = PBXBuildFile; fileRef = AF56EEFC2F3CFD0B00E49C58 /* BrowserJetMenuPicker.swift */; };
		AF56EF002F3D087000E49C58 /* BrowserJetButtonStyleProtocol.swift in Sources */ = {isa = PBXBuildFile; fileRef = AF56EEFF2F3D087000E49C58 /* BrowserJetButtonStyleProtocol.swift */; };
		AF56EF032F3D0A4900E49C58 /* ViewConfig.swift in Sources */ = {isa = PBXBuildFile; fileRef = AF56EF022F3D0A4700E49C58 /* ViewConfig.swift */; };
		AF56EF052F3D0A7C00E49C58 /* BrowserJetViewConfig.swift in Sources */ = {isa = PBXBuildFile; fileRef = AF56EF042F3D0A7B00E49C58 /* BrowserJetViewConfig.swift */; };
		AF56EF072F3DEE3100E49C58 /* BrowserJetAppButton.swift in Sources */ = {isa = PBXBuildFile; fileRef = AF56EF062F3DEE2300E49C58 /* BrowserJetAppButton.swift */; };
		AF56EF092F3DF56400E49C58 /* ButtonStyleProvider.swift in Sources */ = {isa = PBXBuildFile; fileRef = AF56EF082F3DF56200E49C58 /* ButtonStyleProvider.swift */; };
		AF56EF0E2F3DF85000E49C58 /* CornerRadius.swift in Sources */ = {isa = PBXBuildFile; fileRef = AF56EF0D2F3DF84F00E49C58 /* CornerRadius.swift */; };
		AF56EF102F3DFC8400E49C58 /* CustomWidth.swift in Sources */ = {isa = PBXBuildFile; fileRef = AF56EF0F2F3DFC8300E49C58 /* CustomWidth.swift */; };
		AF56EF132F3DFC9800E49C58 /* CornerRadiusModifier.swift in Sources */ = {isa = PBXBuildFile; fileRef = AF56EF122F3DFC9800E49C58 /* CornerRadiusModifier.swift */; };
		AF56EF162F3E01EC00E49C58 /* AppConfiguration.swift in Sources */ = {isa = PBXBuildFile; fileRef = AF56EF152F3E01E500E49C58 /* AppConfiguration.swift */; };
		AF56EF192F3E027000E49C58 /* AppConfiguration+Environment.swift in Sources */ = {isa = PBXBuildFile; fileRef = AF56EF182F3E026E00E49C58 /* AppConfiguration+Environment.swift */; };
		AF56EF1B2F3E02C900E49C58 /* BrowserJet.swift in Sources */ = {isa = PBXBuildFile; fileRef = AF56EF1A2F3E02C400E49C58 /* BrowserJet.swift */; };
		AF56EF1D2F3E045C00E49C58 /* LauncherTabPreset.swift in Sources */ = {isa = PBXBuildFile; fileRef = AF56EF1C2F3E045B00E49C58 /* LauncherTabPreset.swift */; };
		AF56EF202F3E061600E49C58 /* Int+Extensions.swift in Sources */ = {isa = PBXBuildFile; fileRef = AF56EF1F2F3E061600E49C58 /* Int+Extensions.swift */; };
		AF56EF232F3E07B500E49C58 /* BrowserJetWindowController.swift in Sources */ = {isa = PBXBuildFile; fileRef = AF56EF222F3E07B500E49C58 /* BrowserJetWindowController.swift */; };
		AF56EF252F3E086A00E49C58 /* WindowManager.swift in Sources */ = {isa = PBXBuildFile; fileRef = AF56EF242F3E086A00E49C58 /* WindowManager.swift */; };
		AF56EF272F3E0B7D00E49C58 /* LauncherRootView.swift in Sources */ = {isa = PBXBuildFile; fileRef = AF56EF262F3E0B7D00E49C58 /* LauncherRootView.swift */; };
		AF56EF2A2F3E131200E49C58 /* VPNType.swift in Sources */ = {isa = PBXBuildFile; fileRef = AF56EF292F3E131100E49C58 /* VPNType.swift */; };
		AF56EF2C2F3E131C00E49C58 /* RegionType.swift in Sources */ = {isa = PBXBuildFile; fileRef = AF56EF2B2F3E131C00E49C58 /* RegionType.swift */; };
		AF56EF2F2F3E327100E49C58 /* LauncherSettings.swift in Sources */ = {isa = PBXBuildFile; fileRef = AF56EF2E2F3E327100E49C58 /* LauncherSettings.swift */; };
		AF56EF312F3E41E200E49C58 /* LauncherViewModel.swift in Sources */ = {isa = PBXBuildFile; fileRef = AF56EF302F3E41E200E49C58 /* LauncherViewModel.swift */; };
		AF60864A2F732CB2003931E2 /* LicenseActivationCoordinator.swift in Sources */ = {isa = PBXBuildFile; fileRef = AF6086492F732CB2003931E2 /* LicenseActivationCoordinator.swift */; };
		AF69F5AD2F43713000B33610 /* BrowserMenuBuilder.swift in Sources */ = {isa = PBXBuildFile; fileRef = AF69F5AC2F43713000B33610 /* BrowserMenuBuilder.swift */; };
		AF69F5B02F43716300B33610 /* BrowserToolbarAction.swift in Sources */ = {isa = PBXBuildFile; fileRef = AF69F5AF2F43716300B33610 /* BrowserToolbarAction.swift */; };
		AF69F5B52F43729700B33610 /* BrowserTabItem.swift in Sources */ = {isa = PBXBuildFile; fileRef = AF69F5B42F43729700B33610 /* BrowserTabItem.swift */; };
		AF69F5B92F4372CB00B33610 /* BrowserConnectionBadgeView.swift in Sources */ = {isa = PBXBuildFile; fileRef = AF69F5B82F4372CB00B33610 /* BrowserConnectionBadgeView.swift */; };
		AF69F5BC2F43744200B33610 /* BrowserTabPillView.swift in Sources */ = {isa = PBXBuildFile; fileRef = AF69F5BB2F43744200B33610 /* BrowserTabPillView.swift */; };
		AF69F5C12F43747800B33610 /* BrowserToolbarView.swift in Sources */ = {isa = PBXBuildFile; fileRef = AF69F5C02F43747800B33610 /* BrowserToolbarView.swift */; };
		AF69F5C32F43748800B33610 /* BrowserChromeView.swift in Sources */ = {isa = PBXBuildFile; fileRef = AF69F5C22F43748800B33610 /* BrowserChromeView.swift */; };
		AF69F5C52F43751E00B33610 /* SessionIsolationMode.swift in Sources */ = {isa = PBXBuildFile; fileRef = AF69F5C42F43751E00B33610 /* SessionIsolationMode.swift */; };
		AF69F5C92F43763B00B33610 /* SessionManager.swift in Sources */ = {isa = PBXBuildFile; fileRef = AF69F5C82F43763B00B33610 /* SessionManager.swift */; };
		AF69F5CD2F4376A200B33610 /* AuthProxy.swift in Sources */ = {isa = PBXBuildFile; fileRef = AF69F5CC2F4376A200B33610 /* AuthProxy.swift */; };
		AF69F5CF2F4376C000B33610 /* TabModel.swift in Sources */ = {isa = PBXBuildFile; fileRef = AF69F5CE2F4376C000B33610 /* TabModel.swift */; };
		AF69F5D22F437A3600B33610 /* BrowserWindowState.swift in Sources */ = {isa = PBXBuildFile; fileRef = AF69F5D12F437A3600B33610 /* BrowserWindowState.swift */; };
		AF69F5D62F437AAB00B33610 /* ProxyConfigurationFactory.swift in Sources */ = {isa = PBXBuildFile; fileRef = AF69F5D52F437AA600B33610 /* ProxyConfigurationFactory.swift */; };
		AF69F5DB2F437B8000B33610 /* BrowserTabsStripView.swift in Sources */ = {isa = PBXBuildFile; fileRef = AF69F5DA2F437B7F00B33610 /* BrowserTabsStripView.swift */; };
		AF69F5E12F43A30A00B33610 /* LaunchRequest.swift in Sources */ = {isa = PBXBuildFile; fileRef = AF69F5E02F43A30A00B33610 /* LaunchRequest.swift */; };
		AF69F5E32F43A32100B33610 /* LauncherSettings+LaunchRequest.swift in Sources */ = {isa = PBXBuildFile; fileRef = AF69F5E22F43A31C00B33610 /* LauncherSettings+LaunchRequest.swift */; };
		AF69F5E52F43A3B200B33610 /* BrowserRootView.swift in Sources */ = {isa = PBXBuildFile; fileRef = AF69F5E42F43A3B200B33610 /* BrowserRootView.swift */; };
		AF69F5EA2F43A5C000B33610 /* WebViewContainer.swift in Sources */ = {isa = PBXBuildFile; fileRef = AF69F5E92F43A5BD00B33610 /* WebViewContainer.swift */; };
		AF69F5EC2F44C18E00B33610 /* BrowserAddressBarView.swift in Sources */ = {isa = PBXBuildFile; fileRef = AF69F5EB2F44C18E00B33610 /* BrowserAddressBarView.swift */; };
		AF69F5EE2F44CEE700B33610 /* HeadingStyles.swift in Sources */ = {isa = PBXBuildFile; fileRef = AF69F5ED2F44CEE400B33610 /* HeadingStyles.swift */; };
		AF7A10012F90010000E49C58 /* LauncherMessages.swift in Sources */ = {isa = PBXBuildFile; fileRef = AF7A10002F90010000E49C58 /* LauncherMessages.swift */; };
		AF80C5B52F4E71820064B8FD /* UserSession.swift in Sources */ = {isa = PBXBuildFile; fileRef = AF80C5B42F4E71810064B8FD /* UserSession.swift */; };
		AF80C5B72F4E724B0064B8FD /* Data+Extensions.swift in Sources */ = {isa = PBXBuildFile; fileRef = AF80C5B62F4E72480064B8FD /* Data+Extensions.swift */; };
		AF80C5B92F4E74080064B8FD /* UserDefaultsKeyValueStore.swift in Sources */ = {isa = PBXBuildFile; fileRef = AF80C5B82F4E74070064B8FD /* UserDefaultsKeyValueStore.swift */; };
		AF80C5BD2F4E750E0064B8FD /* AppError.swift in Sources */ = {isa = PBXBuildFile; fileRef = AF80C5BC2F4E750E0064B8FD /* AppError.swift */; };
		AF99BFB62F9FDF710096FAE9 /* AppUpdatePolicy.swift in Sources */ = {isa = PBXBuildFile; fileRef = AF99BFB52F9FDF6E0096FAE9 /* AppUpdatePolicy.swift */; };
		AF99BFB92FA002960096FAE9 /* Sparkle in Frameworks */ = {isa = PBXBuildFile; productRef = AF99BFB82FA002960096FAE9 /* Sparkle */; };
		AF99BFBB2FA009B10096FAE9 /* Bundle+Version.swift in Sources */ = {isa = PBXBuildFile; fileRef = AF99BFBA2FA009AA0096FAE9 /* Bundle+Version.swift */; };
		AF99BFBF2FA00AD90096FAE9 /* CheckForUpdatesView.swift in Sources */ = {isa = PBXBuildFile; fileRef = AF99BFBE2FA00AD70096FAE9 /* CheckForUpdatesView.swift */; };
		AF99BFC12FA010830096FAE9 /* SparkleUpdateCoordinator.swift in Sources */ = {isa = PBXBuildFile; fileRef = AF99BFC02FA010820096FAE9 /* SparkleUpdateCoordinator.swift */; };
		AF99BFC32FA013370096FAE9 /* ForceUpdateGate.swift in Sources */ = {isa = PBXBuildFile; fileRef = AF99BFC22FA013350096FAE9 /* ForceUpdateGate.swift */; };
		AF99BFC52FA013500096FAE9 /* ForceUpdateBlockingOverlay.swift in Sources */ = {isa = PBXBuildFile; fileRef = AF99BFC42FA0134E0096FAE9 /* ForceUpdateBlockingOverlay.swift */; };
		AF99BFC72FA02F000096FAE9 /* SparkleUpdaterDelegate.swift in Sources */ = {isa = PBXBuildFile; fileRef = AF99BFC62FA02EFF0096FAE9 /* SparkleUpdaterDelegate.swift */; };
		AFA2C7D52F47E8AC00F7C889 /* DuplicateTabsPopoverView.swift in Sources */ = {isa = PBXBuildFile; fileRef = AFA2C7D42F47E8AC00F7C889 /* DuplicateTabsPopoverView.swift */; };
		AFA2C7D72F47EA6600F7C889 /* BrowserMoreMenuItem.swift in Sources */ = {isa = PBXBuildFile; fileRef = AFA2C7D62F47EA6600F7C889 /* BrowserMoreMenuItem.swift */; };
		AFA2C7D92F47EACB00F7C889 /* BrowserMoreMenuView.swift in Sources */ = {isa = PBXBuildFile; fileRef = AFA2C7D82F47EACB00F7C889 /* BrowserMoreMenuView.swift */; };
		AFA2C7DB2F47EDB800F7C889 /* BrowserToolbarIconButtonStyle.swift in Sources */ = {isa = PBXBuildFile; fileRef = AFA2C7DA2F47EDB800F7C889 /* BrowserToolbarIconButtonStyle.swift */; };
		AFC3ECA82F3E6F5400DD4BF5 /* ProxyType.swift in Sources */ = {isa = PBXBuildFile; fileRef = AFC3ECA72F3E6F5400DD4BF5 /* ProxyType.swift */; };
		AFCA5CEC2F75B104007A8578 /* LicenseAccountStore.swift in Sources */ = {isa = PBXBuildFile; fileRef = AFCA5CEB2F75B104007A8578 /* LicenseAccountStore.swift */; };
		AFCA5CF02F75BC0D007A8578 /* PremiumProxyPayloadDecryptor.swift in Sources */ = {isa = PBXBuildFile; fileRef = AFCA5CEF2F75BC0D007A8578 /* PremiumProxyPayloadDecryptor.swift */; };
		AFCA5CF22F75BC32007A8578 /* PremiumProxyRepository.swift in Sources */ = {isa = PBXBuildFile; fileRef = AFCA5CF12F75BC32007A8578 /* PremiumProxyRepository.swift */; };
		AFCA5CF42F75BC4C007A8578 /* DecryptedPremiumProxy.swift in Sources */ = {isa = PBXBuildFile; fileRef = AFCA5CF32F75BC4B007A8578 /* DecryptedPremiumProxy.swift */; };
		AFCC10022F90002007A8578 /* VPN1ProxyRepository.swift in Sources */ = {isa = PBXBuildFile; fileRef = AFCC10012F90001007A8578 /* VPN1ProxyRepository.swift */; };
		AFE9764C2F5530AC00D270C8 /* ShiftLicenseView.swift in Sources */ = {isa = PBXBuildFile; fileRef = AFE9764A2F5530AC00D270C8 /* ShiftLicenseView.swift */; };
		AFE976502F55343100D270C8 /* ShiftViewModel.swift in Sources */ = {isa = PBXBuildFile; fileRef = AFE9764F2F55342F00D270C8 /* ShiftViewModel.swift */; };
		AFE976522F5543CB00D270C8 /* InfoAlertView.swift in Sources */ = {isa = PBXBuildFile; fileRef = AFE976512F5543C800D270C8 /* InfoAlertView.swift */; };
		AFE976562F55586D00D270C8 /* ActivationMessages.swift in Sources */ = {isa = PBXBuildFile; fileRef = AFE976552F55586D00D270C8 /* ActivationMessages.swift */; };
		AFF3EACD2F3CAC3C00C6F08E /* Assets.xcassets in Resources */ = {isa = PBXBuildFile; fileRef = AFF3EACC2F3CAC3C00C6F08E /* Assets.xcassets */; };
		AFF3EB2B2F3CACB100C6F08E /* DesignMetrics.swift in Sources */ = {isa = PBXBuildFile; fileRef = AFF3EB112F3CACB100C6F08E /* DesignMetrics.swift */; };
		AFF3EB2C2F3CACB100C6F08E /* BrowserJetLightTheme.swift in Sources */ = {isa = PBXBuildFile; fileRef = AFF3EB1A2F3CACB100C6F08E /* BrowserJetLightTheme.swift */; };
		AFF3EB2D2F3CACB100C6F08E /* Typography.swift in Sources */ = {isa = PBXBuildFile; fileRef = AFF3EB222F3CACB100C6F08E /* Typography.swift */; };
		AFF3EB2E2F3CACB100C6F08E /* TitleStyles.swift in Sources */ = {isa = PBXBuildFile; fileRef = AFF3EB1E2F3CACB100C6F08E /* TitleStyles.swift */; };
		AFF3EB312F3CACB100C6F08E /* AppBackgroundStyle.swift in Sources */ = {isa = PBXBuildFile; fileRef = AFF3EB172F3CACB100C6F08E /* AppBackgroundStyle.swift */; };
		AFF3EB322F3CACB100C6F08E /* AppTypography.swift in Sources */ = {isa = PBXBuildFile; fileRef = AFF3EB232F3CACB100C6F08E /* AppTypography.swift */; };
		AFF3EB332F3CACB100C6F08E /* LogLevel.swift in Sources */ = {isa = PBXBuildFile; fileRef = AFF3EB0D2F3CACB100C6F08E /* LogLevel.swift */; };
		AFF3EB342F3CACB100C6F08E /* FontProvider.swift in Sources */ = {isa = PBXBuildFile; fileRef = AFF3EB212F3CACB100C6F08E /* FontProvider.swift */; };
		AFF3EB352F3CACB100C6F08E /* TextTypography.swift in Sources */ = {isa = PBXBuildFile; fileRef = AFF3EB202F3CACB100C6F08E /* TextTypography.swift */; };
		AFF3EB362F3CACB100C6F08E /* BrowserJetDarkTheme.swift in Sources */ = {isa = PBXBuildFile; fileRef = AFF3EB192F3CACB100C6F08E /* BrowserJetDarkTheme.swift */; };
		AFF3EB372F3CACB100C6F08E /* LauncherView.swift in Sources */ = {isa = PBXBuildFile; fileRef = AFF3EB082F3CACB100C6F08E /* LauncherView.swift */; };
		AFF3EB382F3CACB100C6F08E /* AppLogger.swift in Sources */ = {isa = PBXBuildFile; fileRef = AFF3EB0C2F3CACB100C6F08E /* AppLogger.swift */; };
		AFF3EB392F3CACB100C6F08E /* Theme+Environment.swift in Sources */ = {isa = PBXBuildFile; fileRef = AFF3EB272F3CACB100C6F08E /* Theme+Environment.swift */; };
		AFF3EB3B2F3CACB100C6F08E /* ButtonStyles.swift in Sources */ = {isa = PBXBuildFile; fileRef = AFF3EB1C2F3CACB100C6F08E /* ButtonStyles.swift */; };
		AFF3EB3C2F3CACB100C6F08E /* AppTheme.swift in Sources */ = {isa = PBXBuildFile; fileRef = AFF3EB252F3CACB100C6F08E /* AppTheme.swift */; };
		AFF3EB3D2F3CACB100C6F08E /* BodyStyles.swift in Sources */ = {isa = PBXBuildFile; fileRef = AFF3EB1D2F3CACB100C6F08E /* BodyStyles.swift */; };
		AFF3EB3E2F3CACB100C6F08E /* ThemeManager.swift in Sources */ = {isa = PBXBuildFile; fileRef = AFF3EB262F3CACB100C6F08E /* ThemeManager.swift */; };
		AFF4DA012F743A6C0028293B /* BrowserJetRootView.swift in Sources */ = {isa = PBXBuildFile; fileRef = AFF4DA002F743A6B0028293B /* BrowserJetRootView.swift */; };
		AFF4DA032F7451720028293B /* PaymentAlertItem.swift in Sources */ = {isa = PBXBuildFile; fileRef = AFF4DA022F7451720028293B /* PaymentAlertItem.swift */; };
		AFF4DA082F7489600028293B /* RecoverAccountView.swift in Sources */ = {isa = PBXBuildFile; fileRef = AFF4DA072F74895C0028293B /* RecoverAccountView.swift */; };
		AFF4DA0A2F7489680028293B /* RecoverAccountViewModel.swift in Sources */ = {isa = PBXBuildFile; fileRef = AFF4DA092F7489680028293B /* RecoverAccountViewModel.swift */; };
/* End PBXBuildFile section */

/* Begin PBXFileReference section */
		AF0A09DC2F4653C100A12964 /* VPNConfiguration.swift */ = {isa = PBXFileReference; lastKnownFileType = sourcecode.swift; path = VPNConfiguration.swift; sourceTree = "<group>"; };
		AF0A09DE2F4653D300A12964 /* VPNProvider.swift */ = {isa = PBXFileReference; lastKnownFileType = sourcecode.swift; path = VPNProvider.swift; sourceTree = "<group>"; };
		AF0A09E02F4653DC00A12964 /* UsernameGenerator.swift */ = {isa = PBXFileReference; lastKnownFileType = sourcecode.swift; path = UsernameGenerator.swift; sourceTree = "<group>"; };
		AF127CEA2F9AC61D00EE34E2 /* GoogleService-Info.plist */ = {isa = PBXFileReference; lastKnownFileType = text.plist.xml; path = "GoogleService-Info.plist"; sourceTree = "<group>"; };
		AF127CF82F9ACA7E00EE34E2 /* RemoteConfigKey.swift */ = {isa = PBXFileReference; lastKnownFileType = sourcecode.swift; path = RemoteConfigKey.swift; sourceTree = "<group>"; };
		AF127CFA2F9ACA9600EE34E2 /* RemoteConfigManager.swift */ = {isa = PBXFileReference; lastKnownFileType = sourcecode.swift; path = RemoteConfigManager.swift; sourceTree = "<group>"; };
		AF127CFD2F9FAFC500EE34E2 /* Development.xcconfig */ = {isa = PBXFileReference; lastKnownFileType = text.xcconfig; path = Development.xcconfig; sourceTree = "<group>"; };
		AF127CFF2F9FAFD400EE34E2 /* Production.xcconfig */ = {isa = PBXFileReference; lastKnownFileType = text.xcconfig; path = Production.xcconfig; sourceTree = "<group>"; };
		AF127D012F9FBA8200EE34E2 /* AppUtils.swift */ = {isa = PBXFileReference; lastKnownFileType = sourcecode.swift; path = AppUtils.swift; sourceTree = "<group>"; };
		AF401A9F2F4CC78F00EF265C /* BrowserJetTextfieldStyleProtocol.swift */ = {isa = PBXFileReference; lastKnownFileType = sourcecode.swift; path = BrowserJetTextfieldStyleProtocol.swift; sourceTree = "<group>"; };
		AF401AA12F4CD7F600EF265C /* TextFieldStyleProvider.swift */ = {isa = PBXFileReference; lastKnownFileType = sourcecode.swift; path = TextFieldStyleProvider.swift; sourceTree = "<group>"; };
		AF401AA32F4CD89D00EF265C /* BrowserJetTextField.swift */ = {isa = PBXFileReference; lastKnownFileType = sourcecode.swift; path = BrowserJetTextField.swift; sourceTree = "<group>"; };
		AF401AA52F4CEABD00EF265C /* ValidationRule.swift */ = {isa = PBXFileReference; lastKnownFileType = sourcecode.swift; path = ValidationRule.swift; sourceTree = "<group>"; };
		AF401AA72F4CF17000EF265C /* LoadingOverlayView.swift */ = {isa = PBXFileReference; lastKnownFileType = sourcecode.swift; path = LoadingOverlayView.swift; sourceTree = "<group>"; };
		AF401AA92F4CF18B00EF265C /* LoadingOverlayModifier.swift */ = {isa = PBXFileReference; lastKnownFileType = sourcecode.swift; path = LoadingOverlayModifier.swift; sourceTree = "<group>"; };
		AF401AAC2F4D1A2200EF265C /* APIEnvironment.swift */ = {isa = PBXFileReference; lastKnownFileType = sourcecode.swift; path = APIEnvironment.swift; sourceTree = "<group>"; };
		AF401AAE2F4D1A5B00EF265C /* APIError.swift */ = {isa = PBXFileReference; lastKnownFileType = sourcecode.swift; path = APIError.swift; sourceTree = "<group>"; };
		AF401AB02F4D1A7D00EF265C /* APIClient.swift */ = {isa = PBXFileReference; lastKnownFileType = sourcecode.swift; path = APIClient.swift; sourceTree = "<group>"; };
		AF401AB32F4D1A9B00EF265C /* EndpointProtocol.swift */ = {isa = PBXFileReference; lastKnownFileType = sourcecode.swift; path = EndpointProtocol.swift; sourceTree = "<group>"; };
		AF401AB62F4D1AE300EF265C /* LicenseService.swift */ = {isa = PBXFileReference; lastKnownFileType = sourcecode.swift; path = LicenseService.swift; sourceTree = "<group>"; };
		AF401AB82F4D1B0400EF265C /* ProxyService.swift */ = {isa = PBXFileReference; lastKnownFileType = sourcecode.swift; path = ProxyService.swift; sourceTree = "<group>"; };
		AF401ABA2F4D1B1100EF265C /* AppUpdateService.swift */ = {isa = PBXFileReference; lastKnownFileType = sourcecode.swift; path = AppUpdateService.swift; sourceTree = "<group>"; };
		AF401ABC2F4D1BC800EF265C /* LicenseEndpoint.swift */ = {isa = PBXFileReference; lastKnownFileType = sourcecode.swift; path = LicenseEndpoint.swift; sourceTree = "<group>"; };
		AF401ABE2F4D1BE900EF265C /* ProxyEndpoint.swift */ = {isa = PBXFileReference; lastKnownFileType = sourcecode.swift; path = ProxyEndpoint.swift; sourceTree = "<group>"; };
		AF401AC02F4D1C3000EF265C /* HTTPMethod.swift */ = {isa = PBXFileReference; lastKnownFileType = sourcecode.swift; path = HTTPMethod.swift; sourceTree = "<group>"; };
		AF401AC22F4D1C5B00EF265C /* AppUpdateEndpoint.swift */ = {isa = PBXFileReference; lastKnownFileType = sourcecode.swift; path = AppUpdateEndpoint.swift; sourceTree = "<group>"; };
		AF401AC42F4D2BE700EF265C /* DateFormatterProvider.swift */ = {isa = PBXFileReference; lastKnownFileType = sourcecode.swift; path = DateFormatterProvider.swift; sourceTree = "<group>"; };
		AF401AC72F4D2C1500EF265C /* LicenseEnums.swift */ = {isa = PBXFileReference; lastKnownFileType = sourcecode.swift; path = LicenseEnums.swift; sourceTree = "<group>"; };
		AF401AC92F4D2C3F00EF265C /* VerifyKeyResponse.swift */ = {isa = PBXFileReference; lastKnownFileType = sourcecode.swift; path = VerifyKeyResponse.swift; sourceTree = "<group>"; };
		AF401ACB2F4D2C8400EF265C /* PersistedLicense.swift */ = {isa = PBXFileReference; lastKnownFileType = sourcecode.swift; path = PersistedLicense.swift; sourceTree = "<group>"; };
		AF401ACE2F4D2CA700EF265C /* LicenseStore.swift */ = {isa = PBXFileReference; lastKnownFileType = sourcecode.swift; path = LicenseStore.swift; sourceTree = "<group>"; };
		AF401AD02F4D37E500EF265C /* SystemInfo.swift */ = {isa = PBXFileReference; lastKnownFileType = sourcecode.swift; path = SystemInfo.swift; sourceTree = "<group>"; };
		AF498D2E2F4AB8AC004C03B3 /* ProxyPoolService.swift */ = {isa = PBXFileReference; lastKnownFileType = sourcecode.swift; path = ProxyPoolService.swift; sourceTree = "<group>"; };
		AF498D302F4AB8F1004C03B3 /* StaticAuthProxyProvider.swift */ = {isa = PBXFileReference; lastKnownFileType = sourcecode.swift; path = StaticAuthProxyProvider.swift; sourceTree = "<group>"; };
		AF498D332F4B6D61004C03B3 /* ActivationRootView.swift */ = {isa = PBXFileReference; lastKnownFileType = sourcecode.swift; path = ActivationRootView.swift; sourceTree = "<group>"; };
		AF498D352F4B6D68004C03B3 /* ActivationViewModel.swift */ = {isa = PBXFileReference; lastKnownFileType = sourcecode.swift; path = ActivationViewModel.swift; sourceTree = "<group>"; };
		AF498D392F4B7119004C03B3 /* BrowserJetSegmentedPicker.swift */ = {isa = PBXFileReference; lastKnownFileType = sourcecode.swift; path = BrowserJetSegmentedPicker.swift; sourceTree = "<group>"; };
		AF56EEE42F3CBADE00E49C58 /* CardContainer.swift */ = {isa = PBXFileReference; lastKnownFileType = sourcecode.swift; path = CardContainer.swift; sourceTree = "<group>"; };
		AF56EEE62F3CBB3200E49C58 /* AddressFieldBase.swift */ = {isa = PBXFileReference; lastKnownFileType = sourcecode.swift; path = AddressFieldBase.swift; sourceTree = "<group>"; };
		AF56EEE82F3CC2D200E49C58 /* DesignSystem.swift */ = {isa = PBXFileReference; lastKnownFileType = sourcecode.swift; path = DesignSystem.swift; sourceTree = "<group>"; };
		AF56EEEA2F3CC30100E49C58 /* DesignSystem+Environment.swift */ = {isa = PBXFileReference; lastKnownFileType = sourcecode.swift; path = "DesignSystem+Environment.swift"; sourceTree = "<group>"; };
		AF56EEEC2F3CC4B500E49C58 /* TextFieldStyles.swift */ = {isa = PBXFileReference; lastKnownFileType = sourcecode.swift; path = TextFieldStyles.swift; sourceTree = "<group>"; };
		AF56EEEE2F3CC93700E49C58 /* LauncherSearchField.swift */ = {isa = PBXFileReference; lastKnownFileType = sourcecode.swift; path = LauncherSearchField.swift; sourceTree = "<group>"; };
		AF56EEF32F3CCDB200E49C58 /* Color+Init.swift */ = {isa = PBXFileReference; lastKnownFileType = sourcecode.swift; path = "Color+Init.swift"; sourceTree = "<group>"; };
		AF56EEF62F3CCE4900E49C58 /* Colors.xcassets */ = {isa = PBXFileReference; lastKnownFileType = folder.assetcatalog; path = Colors.xcassets; sourceTree = "<group>"; };
		AF56EEF82F3CD8A200E49C58 /* GlassPillToggle.swift */ = {isa = PBXFileReference; lastKnownFileType = sourcecode.swift; path = GlassPillToggle.swift; sourceTree = "<group>"; };
		AF56EEFA2F3CFA8E00E49C58 /* BrowserJetDivider.swift */ = {isa = PBXFileReference; lastKnownFileType = sourcecode.swift; path = BrowserJetDivider.swift; sourceTree = "<group>"; };
		AF56EEFC2F3CFD0B00E49C58 /* BrowserJetMenuPicker.swift */ = {isa = PBXFileReference; lastKnownFileType = sourcecode.swift; path = BrowserJetMenuPicker.swift; sourceTree = "<group>"; };
		AF56EEFF2F3D087000E49C58 /* BrowserJetButtonStyleProtocol.swift */ = {isa = PBXFileReference; lastKnownFileType = sourcecode.swift; path = BrowserJetButtonStyleProtocol.swift; sourceTree = "<group>"; };
		AF56EF022F3D0A4700E49C58 /* ViewConfig.swift */ = {isa = PBXFileReference; lastKnownFileType = sourcecode.swift; path = ViewConfig.swift; sourceTree = "<group>"; };
		AF56EF042F3D0A7B00E49C58 /* BrowserJetViewConfig.swift */ = {isa = PBXFileReference; lastKnownFileType = sourcecode.swift; path = BrowserJetViewConfig.swift; sourceTree = "<group>"; };
		AF56EF062F3DEE2300E49C58 /* BrowserJetAppButton.swift */ = {isa = PBXFileReference; lastKnownFileType = sourcecode.swift; path = BrowserJetAppButton.swift; sourceTree = "<group>"; };
		AF56EF082F3DF56200E49C58 /* ButtonStyleProvider.swift */ = {isa = PBXFileReference; lastKnownFileType = sourcecode.swift; path = ButtonStyleProvider.swift; sourceTree = "<group>"; };
		AF56EF0D2F3DF84F00E49C58 /* CornerRadius.swift */ = {isa = PBXFileReference; lastKnownFileType = sourcecode.swift; path = CornerRadius.swift; sourceTree = "<group>"; };
		AF56EF0F2F3DFC8300E49C58 /* CustomWidth.swift */ = {isa = PBXFileReference; lastKnownFileType = sourcecode.swift; path = CustomWidth.swift; sourceTree = "<group>"; };
		AF56EF122F3DFC9800E49C58 /* CornerRadiusModifier.swift */ = {isa = PBXFileReference; lastKnownFileType = sourcecode.swift; path = CornerRadiusModifier.swift; sourceTree = "<group>"; };
		AF56EF152F3E01E500E49C58 /* AppConfiguration.swift */ = {isa = PBXFileReference; lastKnownFileType = sourcecode.swift; path = AppConfiguration.swift; sourceTree = "<group>"; };
		AF56EF182F3E026E00E49C58 /* AppConfiguration+Environment.swift */ = {isa = PBXFileReference; lastKnownFileType = sourcecode.swift; path = "AppConfiguration+Environment.swift"; sourceTree = "<group>"; };
		AF56EF1A2F3E02C400E49C58 /* BrowserJet.swift */ = {isa = PBXFileReference; lastKnownFileType = sourcecode.swift; path = BrowserJet.swift; sourceTree = "<group>"; };
		AF56EF1C2F3E045B00E49C58 /* LauncherTabPreset.swift */ = {isa = PBXFileReference; lastKnownFileType = sourcecode.swift; path = LauncherTabPreset.swift; sourceTree = "<group>"; };
		AF56EF1F2F3E061600E49C58 /* Int+Extensions.swift */ = {isa = PBXFileReference; lastKnownFileType = sourcecode.swift; path = "Int+Extensions.swift"; sourceTree = "<group>"; };
		AF56EF222F3E07B500E49C58 /* BrowserJetWindowController.swift */ = {isa = PBXFileReference; lastKnownFileType = sourcecode.swift; path = BrowserJetWindowController.swift; sourceTree = "<group>"; };
		AF56EF242F3E086A00E49C58 /* WindowManager.swift */ = {isa = PBXFileReference; lastKnownFileType = sourcecode.swift; path = WindowManager.swift; sourceTree = "<group>"; };
		AF56EF262F3E0B7D00E49C58 /* LauncherRootView.swift */ = {isa = PBXFileReference; lastKnownFileType = sourcecode.swift; path = LauncherRootView.swift; sourceTree = "<group>"; };
		AF56EF282F3E0F1400E49C58 /* Info.plist */ = {isa = PBXFileReference; lastKnownFileType = text.plist; path = Info.plist; sourceTree = "<group>"; };
		AF56EF292F3E131100E49C58 /* VPNType.swift */ = {isa = PBXFileReference; lastKnownFileType = sourcecode.swift; path = VPNType.swift; sourceTree = "<group>"; };
		AF56EF2B2F3E131C00E49C58 /* RegionType.swift */ = {isa = PBXFileReference; lastKnownFileType = sourcecode.swift; path = RegionType.swift; sourceTree = "<group>"; };
		AF56EF2E2F3E327100E49C58 /* LauncherSettings.swift */ = {isa = PBXFileReference; lastKnownFileType = sourcecode.swift; path = LauncherSettings.swift; sourceTree = "<group>"; };
		AF56EF302F3E41E200E49C58 /* LauncherViewModel.swift */ = {isa = PBXFileReference; lastKnownFileType = sourcecode.swift; path = LauncherViewModel.swift; sourceTree = "<group>"; };
		AF6086492F732CB2003931E2 /* LicenseActivationCoordinator.swift */ = {isa = PBXFileReference; lastKnownFileType = sourcecode.swift; path = LicenseActivationCoordinator.swift; sourceTree = "<group>"; };
		AF69F5AC2F43713000B33610 /* BrowserMenuBuilder.swift */ = {isa = PBXFileReference; lastKnownFileType = sourcecode.swift; path = BrowserMenuBuilder.swift; sourceTree = "<group>"; };
		AF69F5AF2F43716300B33610 /* BrowserToolbarAction.swift */ = {isa = PBXFileReference; lastKnownFileType = sourcecode.swift; path = BrowserToolbarAction.swift; sourceTree = "<group>"; };
		AF69F5B42F43729700B33610 /* BrowserTabItem.swift */ = {isa = PBXFileReference; lastKnownFileType = sourcecode.swift; path = BrowserTabItem.swift; sourceTree = "<group>"; };
		AF69F5B82F4372CB00B33610 /* BrowserConnectionBadgeView.swift */ = {isa = PBXFileReference; lastKnownFileType = sourcecode.swift; path = BrowserConnectionBadgeView.swift; sourceTree = "<group>"; };
		AF69F5BB2F43744200B33610 /* BrowserTabPillView.swift */ = {isa = PBXFileReference; lastKnownFileType = sourcecode.swift; path = BrowserTabPillView.swift; sourceTree = "<group>"; };
		AF69F5C02F43747800B33610 /* BrowserToolbarView.swift */ = {isa = PBXFileReference; lastKnownFileType = sourcecode.swift; path = BrowserToolbarView.swift; sourceTree = "<group>"; };
		AF69F5C22F43748800B33610 /* BrowserChromeView.swift */ = {isa = PBXFileReference; lastKnownFileType = sourcecode.swift; path = BrowserChromeView.swift; sourceTree = "<group>"; };
		AF69F5C42F43751E00B33610 /* SessionIsolationMode.swift */ = {isa = PBXFileReference; lastKnownFileType = sourcecode.swift; path = SessionIsolationMode.swift; sourceTree = "<group>"; };
		AF69F5C82F43763B00B33610 /* SessionManager.swift */ = {isa = PBXFileReference; lastKnownFileType = sourcecode.swift; path = SessionManager.swift; sourceTree = "<group>"; };
		AF69F5CC2F4376A200B33610 /* AuthProxy.swift */ = {isa = PBXFileReference; lastKnownFileType = sourcecode.swift; path = AuthProxy.swift; sourceTree = "<group>"; };
		AF69F5CE2F4376C000B33610 /* TabModel.swift */ = {isa = PBXFileReference; lastKnownFileType = sourcecode.swift; path = TabModel.swift; sourceTree = "<group>"; };
		AF69F5D12F437A3600B33610 /* BrowserWindowState.swift */ = {isa = PBXFileReference; lastKnownFileType = sourcecode.swift; path = BrowserWindowState.swift; sourceTree = "<group>"; };
		AF69F5D52F437AA600B33610 /* ProxyConfigurationFactory.swift */ = {isa = PBXFileReference; lastKnownFileType = sourcecode.swift; path = ProxyConfigurationFactory.swift; sourceTree = "<group>"; };
		AF69F5DA2F437B7F00B33610 /* BrowserTabsStripView.swift */ = {isa = PBXFileReference; lastKnownFileType = sourcecode.swift; path = BrowserTabsStripView.swift; sourceTree = "<group>"; };
		AF69F5E02F43A30A00B33610 /* LaunchRequest.swift */ = {isa = PBXFileReference; lastKnownFileType = sourcecode.swift; path = LaunchRequest.swift; sourceTree = "<group>"; };
		AF69F5E22F43A31C00B33610 /* LauncherSettings+LaunchRequest.swift */ = {isa = PBXFileReference; lastKnownFileType = sourcecode.swift; path = "LauncherSettings+LaunchRequest.swift"; sourceTree = "<group>"; };
		AF69F5E42F43A3B200B33610 /* BrowserRootView.swift */ = {isa = PBXFileReference; lastKnownFileType = sourcecode.swift; path = BrowserRootView.swift; sourceTree = "<group>"; };
		AF69F5E92F43A5BD00B33610 /* WebViewContainer.swift */ = {isa = PBXFileReference; lastKnownFileType = sourcecode.swift; path = WebViewContainer.swift; sourceTree = "<group>"; };
		AF69F5EB2F44C18E00B33610 /* BrowserAddressBarView.swift */ = {isa = PBXFileReference; lastKnownFileType = sourcecode.swift; path = BrowserAddressBarView.swift; sourceTree = "<group>"; };
		AF69F5ED2F44CEE400B33610 /* HeadingStyles.swift */ = {isa = PBXFileReference; lastKnownFileType = sourcecode.swift; path = HeadingStyles.swift; sourceTree = "<group>"; };
		AF7A10002F90010000E49C58 /* LauncherMessages.swift */ = {isa = PBXFileReference; lastKnownFileType = sourcecode.swift; path = LauncherMessages.swift; sourceTree = "<group>"; };
		AF80C5B42F4E71810064B8FD /* UserSession.swift */ = {isa = PBXFileReference; lastKnownFileType = sourcecode.swift; path = UserSession.swift; sourceTree = "<group>"; };
		AF80C5B62F4E72480064B8FD /* Data+Extensions.swift */ = {isa = PBXFileReference; lastKnownFileType = sourcecode.swift; path = "Data+Extensions.swift"; sourceTree = "<group>"; };
		AF80C5B82F4E74070064B8FD /* UserDefaultsKeyValueStore.swift */ = {isa = PBXFileReference; lastKnownFileType = sourcecode.swift; path = UserDefaultsKeyValueStore.swift; sourceTree = "<group>"; };
		AF80C5BC2F4E750E0064B8FD /* AppError.swift */ = {isa = PBXFileReference; lastKnownFileType = sourcecode.swift; path = AppError.swift; sourceTree = "<group>"; };
		AF99BFB52F9FDF6E0096FAE9 /* AppUpdatePolicy.swift */ = {isa = PBXFileReference; lastKnownFileType = sourcecode.swift; path = AppUpdatePolicy.swift; sourceTree = "<group>"; };
		AF99BFBA2FA009AA0096FAE9 /* Bundle+Version.swift */ = {isa = PBXFileReference; lastKnownFileType = sourcecode.swift; path = "Bundle+Version.swift"; sourceTree = "<group>"; };
		AF99BFBE2FA00AD70096FAE9 /* CheckForUpdatesView.swift */ = {isa = PBXFileReference; lastKnownFileType = sourcecode.swift; path = CheckForUpdatesView.swift; sourceTree = "<group>"; };
		AF99BFC02FA010820096FAE9 /* SparkleUpdateCoordinator.swift */ = {isa = PBXFileReference; lastKnownFileType = sourcecode.swift; path = SparkleUpdateCoordinator.swift; sourceTree = "<group>"; };
		AF99BFC22FA013350096FAE9 /* ForceUpdateGate.swift */ = {isa = PBXFileReference; lastKnownFileType = sourcecode.swift; path = ForceUpdateGate.swift; sourceTree = "<group>"; };
		AF99BFC42FA0134E0096FAE9 /* ForceUpdateBlockingOverlay.swift */ = {isa = PBXFileReference; lastKnownFileType = sourcecode.swift; path = ForceUpdateBlockingOverlay.swift; sourceTree = "<group>"; };
		AF99BFC62FA02EFF0096FAE9 /* SparkleUpdaterDelegate.swift */ = {isa = PBXFileReference; lastKnownFileType = sourcecode.swift; path = SparkleUpdaterDelegate.swift; sourceTree = "<group>"; };
		AFA2C7D42F47E8AC00F7C889 /* DuplicateTabsPopoverView.swift */ = {isa = PBXFileReference; lastKnownFileType = sourcecode.swift; path = DuplicateTabsPopoverView.swift; sourceTree = "<group>"; };
		AFA2C7D62F47EA6600F7C889 /* BrowserMoreMenuItem.swift */ = {isa = PBXFileReference; lastKnownFileType = sourcecode.swift; path = BrowserMoreMenuItem.swift; sourceTree = "<group>"; };
		AFA2C7D82F47EACB00F7C889 /* BrowserMoreMenuView.swift */ = {isa = PBXFileReference; lastKnownFileType = sourcecode.swift; path = BrowserMoreMenuView.swift; sourceTree = "<group>"; };
		AFA2C7DA2F47EDB800F7C889 /* BrowserToolbarIconButtonStyle.swift */ = {isa = PBXFileReference; lastKnownFileType = sourcecode.swift; path = BrowserToolbarIconButtonStyle.swift; sourceTree = "<group>"; };
		AFC3ECA72F3E6F5400DD4BF5 /* ProxyType.swift */ = {isa = PBXFileReference; lastKnownFileType = sourcecode.swift; path = ProxyType.swift; sourceTree = "<group>"; };
		AFCA5CEB2F75B104007A8578 /* LicenseAccountStore.swift */ = {isa = PBXFileReference; lastKnownFileType = sourcecode.swift; path = LicenseAccountStore.swift; sourceTree = "<group>"; };
		AFCA5CEF2F75BC0D007A8578 /* PremiumProxyPayloadDecryptor.swift */ = {isa = PBXFileReference; lastKnownFileType = sourcecode.swift; path = PremiumProxyPayloadDecryptor.swift; sourceTree = "<group>"; };
		AFCA5CF12F75BC32007A8578 /* PremiumProxyRepository.swift */ = {isa = PBXFileReference; lastKnownFileType = sourcecode.swift; path = PremiumProxyRepository.swift; sourceTree = "<group>"; };
		AFCA5CF32F75BC4B007A8578 /* DecryptedPremiumProxy.swift */ = {isa = PBXFileReference; lastKnownFileType = sourcecode.swift; path = DecryptedPremiumProxy.swift; sourceTree = "<group>"; };
		AFCC10012F90001007A8578 /* VPN1ProxyRepository.swift */ = {isa = PBXFileReference; lastKnownFileType = sourcecode.swift; path = VPN1ProxyRepository.swift; sourceTree = "<group>"; };
		AFE9764A2F5530AC00D270C8 /* ShiftLicenseView.swift */ = {isa = PBXFileReference; lastKnownFileType = sourcecode.swift; path = ShiftLicenseView.swift; sourceTree = "<group>"; };
		AFE9764F2F55342F00D270C8 /* ShiftViewModel.swift */ = {isa = PBXFileReference; lastKnownFileType = sourcecode.swift; path = ShiftViewModel.swift; sourceTree = "<group>"; };
		AFE976512F5543C800D270C8 /* InfoAlertView.swift */ = {isa = PBXFileReference; lastKnownFileType = sourcecode.swift; path = InfoAlertView.swift; sourceTree = "<group>"; };
		AFE976552F55586D00D270C8 /* ActivationMessages.swift */ = {isa = PBXFileReference; lastKnownFileType = sourcecode.swift; path = ActivationMessages.swift; sourceTree = "<group>"; };
		AFF3EAC52F3CAC3A00C6F08E /* BrowserJet.app */ = {isa = PBXFileReference; explicitFileType = wrapper.application; includeInIndex = 0; path = BrowserJet.app; sourceTree = BUILT_PRODUCTS_DIR; };
		AFF3EACC2F3CAC3C00C6F08E /* Assets.xcassets */ = {isa = PBXFileReference; lastKnownFileType = folder.assetcatalog; path = Assets.xcassets; sourceTree = "<group>"; };
		AFF3EACE2F3CAC3C00C6F08E /* BrowserJet.entitlements */ = {isa = PBXFileReference; lastKnownFileType = text.plist.entitlements; path = BrowserJet.entitlements; sourceTree = "<group>"; };
		AFF3EB062F3CACB100C6F08E /* Base.xcconfig */ = {isa = PBXFileReference; lastKnownFileType = text.xcconfig; path = Base.xcconfig; sourceTree = "<group>"; };
		AFF3EB082F3CACB100C6F08E /* LauncherView.swift */ = {isa = PBXFileReference; lastKnownFileType = sourcecode.swift; path = LauncherView.swift; sourceTree = "<group>"; };
		AFF3EB0C2F3CACB100C6F08E /* AppLogger.swift */ = {isa = PBXFileReference; lastKnownFileType = sourcecode.swift; path = AppLogger.swift; sourceTree = "<group>"; };
		AFF3EB0D2F3CACB100C6F08E /* LogLevel.swift */ = {isa = PBXFileReference; lastKnownFileType = sourcecode.swift; path = LogLevel.swift; sourceTree = "<group>"; };
		AFF3EB112F3CACB100C6F08E /* DesignMetrics.swift */ = {isa = PBXFileReference; lastKnownFileType = sourcecode.swift; path = DesignMetrics.swift; sourceTree = "<group>"; };
		AFF3EB172F3CACB100C6F08E /* AppBackgroundStyle.swift */ = {isa = PBXFileReference; lastKnownFileType = sourcecode.swift; path = AppBackgroundStyle.swift; sourceTree = "<group>"; };
		AFF3EB192F3CACB100C6F08E /* BrowserJetDarkTheme.swift */ = {isa = PBXFileReference; lastKnownFileType = sourcecode.swift; path = BrowserJetDarkTheme.swift; sourceTree = "<group>"; };
		AFF3EB1A2F3CACB100C6F08E /* BrowserJetLightTheme.swift */ = {isa = PBXFileReference; lastKnownFileType = sourcecode.swift; path = BrowserJetLightTheme.swift; sourceTree = "<group>"; };
		AFF3EB1C2F3CACB100C6F08E /* ButtonStyles.swift */ = {isa = PBXFileReference; lastKnownFileType = sourcecode.swift; path = ButtonStyles.swift; sourceTree = "<group>"; };
		AFF3EB1D2F3CACB100C6F08E /* BodyStyles.swift */ = {isa = PBXFileReference; lastKnownFileType = sourcecode.swift; path = BodyStyles.swift; sourceTree = "<group>"; };
		AFF3EB1E2F3CACB100C6F08E /* TitleStyles.swift */ = {isa = PBXFileReference; lastKnownFileType = sourcecode.swift; path = TitleStyles.swift; sourceTree = "<group>"; };
		AFF3EB202F3CACB100C6F08E /* TextTypography.swift */ = {isa = PBXFileReference; lastKnownFileType = sourcecode.swift; path = TextTypography.swift; sourceTree = "<group>"; };
		AFF3EB212F3CACB100C6F08E /* FontProvider.swift */ = {isa = PBXFileReference; lastKnownFileType = sourcecode.swift; path = FontProvider.swift; sourceTree = "<group>"; };
		AFF3EB222F3CACB100C6F08E /* Typography.swift */ = {isa = PBXFileReference; lastKnownFileType = sourcecode.swift; path = Typography.swift; sourceTree = "<group>"; };
		AFF3EB232F3CACB100C6F08E /* AppTypography.swift */ = {isa = PBXFileReference; lastKnownFileType = sourcecode.swift; path = AppTypography.swift; sourceTree = "<group>"; };
		AFF3EB252F3CACB100C6F08E /* AppTheme.swift */ = {isa = PBXFileReference; lastKnownFileType = sourcecode.swift; path = AppTheme.swift; sourceTree = "<group>"; };
		AFF3EB262F3CACB100C6F08E /* ThemeManager.swift */ = {isa = PBXFileReference; lastKnownFileType = sourcecode.swift; path = ThemeManager.swift; sourceTree = "<group>"; };
		AFF3EB272F3CACB100C6F08E /* Theme+Environment.swift */ = {isa = PBXFileReference; lastKnownFileType = sourcecode.swift; path = "Theme+Environment.swift"; sourceTree = "<group>"; };
		AFF4DA002F743A6B0028293B /* BrowserJetRootView.swift */ = {isa = PBXFileReference; lastKnownFileType = sourcecode.swift; path = BrowserJetRootView.swift; sourceTree = "<group>"; };
		AFF4DA022F7451720028293B /* PaymentAlertItem.swift */ = {isa = PBXFileReference; lastKnownFileType = sourcecode.swift; path = PaymentAlertItem.swift; sourceTree = "<group>"; };
		AFF4DA072F74895C0028293B /* RecoverAccountView.swift */ = {isa = PBXFileReference; lastKnownFileType = sourcecode.swift; path = RecoverAccountView.swift; sourceTree = "<group>"; };
		AFF4DA092F7489680028293B /* RecoverAccountViewModel.swift */ = {isa = PBXFileReference; lastKnownFileType = sourcecode.swift; path = RecoverAccountViewModel.swift; sourceTree = "<group>"; };
/* End PBXFileReference section */

/* Begin PBXFrameworksBuildPhase section */
		AFF3EAC22F3CAC3A00C6F08E /* Frameworks */ = {
			isa = PBXFrameworksBuildPhase;
			buildActionMask = 2147483647;
			files = (
				AF99BFB92FA002960096FAE9 /* Sparkle in Frameworks */,
				AF127CF42F9AC70400EE34E2 /* FirebaseCrashlytics in Frameworks */,
				AF127CF22F9AC70400EE34E2 /* FirebaseCore in Frameworks */,
				AF127CF02F9AC70400EE34E2 /* FirebaseAnalytics in Frameworks */,
				AF127CF62F9AC70400EE34E2 /* FirebaseRemoteConfig in Frameworks */,
			);
			runOnlyForDeploymentPostprocessing = 0;
		};
/* End PBXFrameworksBuildPhase section */

/* Begin PBXGroup section */
		AF0A09DB2F4653B100A12964 /* VPN */ = {
			isa = PBXGroup;
			children = (
				AF0A09E02F4653DC00A12964 /* UsernameGenerator.swift */,
				AF0A09DE2F4653D300A12964 /* VPNProvider.swift */,
				AF0A09DC2F4653C100A12964 /* VPNConfiguration.swift */,
			);
			path = VPN;
			sourceTree = "<group>";
		};
		AF127CF72F9ACA7800EE34E2 /* RemoteConfig */ = {
			isa = PBXGroup;
			children = (
				AF127CFA2F9ACA9600EE34E2 /* RemoteConfigManager.swift */,
				AF127CF82F9ACA7E00EE34E2 /* RemoteConfigKey.swift */,
			);
			path = RemoteConfig;
			sourceTree = "<group>";
		};
		AF401A9E2F4CC73F00EF265C /* TextFields */ = {
			isa = PBXGroup;
			children = (
				AF401AA12F4CD7F600EF265C /* TextFieldStyleProvider.swift */,
				AF401A9F2F4CC78F00EF265C /* BrowserJetTextfieldStyleProtocol.swift */,
			);
			path = TextFields;
			sourceTree = "<group>";
		};
		AF401AAB2F4D1A1700EF265C /* Core */ = {
			isa = PBXGroup;
			children = (
				AF401AB02F4D1A7D00EF265C /* APIClient.swift */,
				AF401AAE2F4D1A5B00EF265C /* APIError.swift */,
				AF401AAC2F4D1A2200EF265C /* APIEnvironment.swift */,
			);
			path = Core;
			sourceTree = "<group>";
		};
		AF401AB22F4D1A9700EF265C /* Endpoint */ = {
			isa = PBXGroup;
			children = (
				AF401AC22F4D1C5B00EF265C /* AppUpdateEndpoint.swift */,
				AF401AC02F4D1C3000EF265C /* HTTPMethod.swift */,
				AF401ABE2F4D1BE900EF265C /* ProxyEndpoint.swift */,
				AF401ABC2F4D1BC800EF265C /* LicenseEndpoint.swift */,
				AF401AB32F4D1A9B00EF265C /* EndpointProtocol.swift */,
			);
			path = Endpoint;
			sourceTree = "<group>";
		};
		AF401AB52F4D1ADC00EF265C /* Services */ = {
			isa = PBXGroup;
			children = (
				AF401AC62F4D2C0B00EF265C /* Models */,
				AF401ABA2F4D1B1100EF265C /* AppUpdateService.swift */,
				AF401AB82F4D1B0400EF265C /* ProxyService.swift */,
				AF401AB62F4D1AE300EF265C /* LicenseService.swift */,
			);
			path = Services;
			sourceTree = "<group>";
		};
		AF401AC62F4D2C0B00EF265C /* Models */ = {
			isa = PBXGroup;
			children = (
				AF401ACB2F4D2C8400EF265C /* PersistedLicense.swift */,
				AF401AC92F4D2C3F00EF265C /* VerifyKeyResponse.swift */,
				AF401AC72F4D2C1500EF265C /* LicenseEnums.swift */,
			);
			path = Models;
			sourceTree = "<group>";
		};
		AF401ACD2F4D2CA100EF265C /* Userdefaults */ = {
			isa = PBXGroup;
			children = (
				AF80C5B82F4E74070064B8FD /* UserDefaultsKeyValueStore.swift */,
				AF401ACE2F4D2CA700EF265C /* LicenseStore.swift */,
			);
			path = Userdefaults;
			sourceTree = "<group>";
		};
		AF498D322F4B6D52004C03B3 /* Activation */ = {
			isa = PBXGroup;
			children = (
				AF498D352F4B6D68004C03B3 /* ActivationViewModel.swift */,
				AF498D332F4B6D61004C03B3 /* ActivationRootView.swift */,
				AFE976552F55586D00D270C8 /* ActivationMessages.swift */,
			);
			path = Activation;
			sourceTree = "<group>";
		};
		AF56EEF02F3CCDA100E49C58 /* Utils */ = {
			isa = PBXGroup;
			children = (
				AFCA5CF12F75BC32007A8578 /* PremiumProxyRepository.swift */,
				AFCC10012F90001007A8578 /* VPN1ProxyRepository.swift */,
				AFCA5CEF2F75BC0D007A8578 /* PremiumProxyPayloadDecryptor.swift */,
				AF56EF112F3DFC8D00E49C58 /* Modifiers */,
				AF56EF0C2F3DF84A00E49C58 /* Helpers */,
				AF56EEF12F3CCDA900E49C58 /* Extensions */,
				AFF3EB0E2F3CACB100C6F08E /* Logging */,
			);
			path = Utils;
			sourceTree = "<group>";
		};
		AF56EEF12F3CCDA900E49C58 /* Extensions */ = {
			isa = PBXGroup;
			children = (
				AF99BFBA2FA009AA0096FAE9 /* Bundle+Version.swift */,
				AF80C5B62F4E72480064B8FD /* Data+Extensions.swift */,
				AF56EF1E2F3E061300E49C58 /* Int */,
				AF56EEF22F3CCDAE00E49C58 /* Color */,
			);
			path = Extensions;
			sourceTree = "<group>";
		};
		AF56EEF22F3CCDAE00E49C58 /* Color */ = {
			isa = PBXGroup;
			children = (
				AF56EEF32F3CCDB200E49C58 /* Color+Init.swift */,
			);
			path = Color;
			sourceTree = "<group>";
		};
		AF56EEFE2F3D086600E49C58 /* Buttons */ = {
			isa = PBXGroup;
			children = (
				AF56EF082F3DF56200E49C58 /* ButtonStyleProvider.swift */,
				AF56EEFF2F3D087000E49C58 /* BrowserJetButtonStyleProtocol.swift */,
			);
			path = Buttons;
			sourceTree = "<group>";
		};
		AF56EF012F3D0A4200E49C58 /* View */ = {
			isa = PBXGroup;
			children = (
				AF56EF042F3D0A7B00E49C58 /* BrowserJetViewConfig.swift */,
				AF56EF022F3D0A4700E49C58 /* ViewConfig.swift */,
			);
			path = View;
			sourceTree = "<group>";
		};
		AF56EF0C2F3DF84A00E49C58 /* Helpers */ = {
			isa = PBXGroup;
			children = (
				AF99BFB52F9FDF6E0096FAE9 /* AppUpdatePolicy.swift */,
				AF127D012F9FBA8200EE34E2 /* AppUtils.swift */,
				AF401AD02F4D37E500EF265C /* SystemInfo.swift */,
				AF401ACD2F4D2CA100EF265C /* Userdefaults */,
				AF401AC42F4D2BE700EF265C /* DateFormatterProvider.swift */,
				AF401AA52F4CEABD00EF265C /* ValidationRule.swift */,
				AF69F5C42F43751E00B33610 /* SessionIsolationMode.swift */,
				AFC3ECA72F3E6F5400DD4BF5 /* ProxyType.swift */,
				AF56EF0F2F3DFC8300E49C58 /* CustomWidth.swift */,
				AF56EF0D2F3DF84F00E49C58 /* CornerRadius.swift */,
			);
			path = Helpers;
			sourceTree = "<group>";
		};
		AF56EF112F3DFC8D00E49C58 /* Modifiers */ = {
			isa = PBXGroup;
			children = (
				AF401AA92F4CF18B00EF265C /* LoadingOverlayModifier.swift */,
				AF56EF122F3DFC9800E49C58 /* CornerRadiusModifier.swift */,
			);
			path = Modifiers;
			sourceTree = "<group>";
		};
		AF56EF142F3E01E100E49C58 /* Models */ = {
			isa = PBXGroup;
			children = (
				AFF4DA022F7451720028293B /* PaymentAlertItem.swift */,
				AF80C5B42F4E71810064B8FD /* UserSession.swift */,
				AF56EF152F3E01E500E49C58 /* AppConfiguration.swift */,
			);
			path = Models;
			sourceTree = "<group>";
		};
		AF56EF172F3E026800E49C58 /* App */ = {
			isa = PBXGroup;
			children = (
				AF80C5BA2F4E74FE0064B8FD /* Core */,
				AF56EF1A2F3E02C400E49C58 /* BrowserJet.swift */,
				AF56EF182F3E026E00E49C58 /* AppConfiguration+Environment.swift */,
				AF127CEA2F9AC61D00EE34E2 /* GoogleService-Info.plist */,
			);
			path = App;
			sourceTree = "<group>";
		};
		AF56EF1E2F3E061300E49C58 /* Int */ = {
			isa = PBXGroup;
			children = (
				AF56EF1F2F3E061600E49C58 /* Int+Extensions.swift */,
			);
			path = Int;
			sourceTree = "<group>";
		};
		AF56EF212F3E07A700E49C58 /* WindowController */ = {
			isa = PBXGroup;
			children = (
				AF56EF242F3E086A00E49C58 /* WindowManager.swift */,
				AF56EF222F3E07B500E49C58 /* BrowserJetWindowController.swift */,
			);
			path = WindowController;
			sourceTree = "<group>";
		};
		AF56EF2D2F3E326D00E49C58 /* Models */ = {
			isa = PBXGroup;
			children = (
				AF69F5E22F43A31C00B33610 /* LauncherSettings+LaunchRequest.swift */,
				AF69F5E02F43A30A00B33610 /* LaunchRequest.swift */,
				AF56EF2E2F3E327100E49C58 /* LauncherSettings.swift */,
			);
			path = Models;
			sourceTree = "<group>";
		};
		AF6086482F732CAA003931E2 /* Licensing */ = {
			isa = PBXGroup;
			children = (
				AFCA5CEB2F75B104007A8578 /* LicenseAccountStore.swift */,
				AF6086492F732CB2003931E2 /* LicenseActivationCoordinator.swift */,
			);
			path = Licensing;
			sourceTree = "<group>";
		};
		AF69F5AA2F4370BF00B33610 /* Browser */ = {
			isa = PBXGroup;
			children = (
				AF69F5D02F437A3100B33610 /* State */,
				AF69F5B62F4372BA00B33610 /* Components */,
				AF69F5B12F4371FC00B33610 /* Views */,
				AF69F5AE2F43715B00B33610 /* Models */,
				AF69F5AB2F43712700B33610 /* Menu */,
			);
			path = Browser;
			sourceTree = "<group>";
		};
		AF69F5AB2F43712700B33610 /* Menu */ = {
			isa = PBXGroup;
			children = (
				AFA2C7D62F47EA6600F7C889 /* BrowserMoreMenuItem.swift */,
				AF69F5AC2F43713000B33610 /* BrowserMenuBuilder.swift */,
			);
			path = Menu;
			sourceTree = "<group>";
		};
		AF69F5AE2F43715B00B33610 /* Models */ = {
			isa = PBXGroup;
			children = (
				AF69F5B42F43729700B33610 /* BrowserTabItem.swift */,
				AF69F5AF2F43716300B33610 /* BrowserToolbarAction.swift */,
			);
			path = Models;
			sourceTree = "<group>";
		};
		AF69F5B12F4371FC00B33610 /* Views */ = {
			isa = PBXGroup;
			children = (
				AF69F5E42F43A3B200B33610 /* BrowserRootView.swift */,
				AF69F5D72F437B6A00B33610 /* TopBar */,
				AF69F5C22F43748800B33610 /* BrowserChromeView.swift */,
			);
			path = Views;
			sourceTree = "<group>";
		};
		AF69F5B62F4372BA00B33610 /* Components */ = {
			isa = PBXGroup;
			children = (
				AF69F5E82F43A5B300B33610 /* WebView */,
				AF69F5BF2F43747000B33610 /* Toolbar */,
				AF69F5BA2F43743E00B33610 /* TabStrip */,
				AF69F5B72F4372C100B33610 /* Connection */,
			);
			path = Components;
			sourceTree = "<group>";
		};
		AF69F5B72F4372C100B33610 /* Connection */ = {
			isa = PBXGroup;
			children = (
				AF69F5B82F4372CB00B33610 /* BrowserConnectionBadgeView.swift */,
			);
			path = Connection;
			sourceTree = "<group>";
		};
		AF69F5BA2F43743E00B33610 /* TabStrip */ = {
			isa = PBXGroup;
			children = (
				AF69F5BB2F43744200B33610 /* BrowserTabPillView.swift */,
			);
			path = TabStrip;
			sourceTree = "<group>";
		};
		AF69F5BF2F43747000B33610 /* Toolbar */ = {
			isa = PBXGroup;
			children = (
				AFA2C7DA2F47EDB800F7C889 /* BrowserToolbarIconButtonStyle.swift */,
				AFA2C7D82F47EACB00F7C889 /* BrowserMoreMenuView.swift */,
				AFA2C7D42F47E8AC00F7C889 /* DuplicateTabsPopoverView.swift */,
				AF69F5C02F43747800B33610 /* BrowserToolbarView.swift */,
			);
			path = Toolbar;
			sourceTree = "<group>";
		};
		AF69F5C62F43762400B33610 /* AppFoundation */ = {
			isa = PBXGroup;
			children = (
				AF127CF72F9ACA7800EE34E2 /* RemoteConfig */,
				AF6086482F732CAA003931E2 /* Licensing */,
				AF69F5D32F437A8200B33610 /* Networking */,
				AF69F5C72F43762B00B33610 /* Session */,
			);
			path = AppFoundation;
			sourceTree = "<group>";
		};
		AF69F5C72F43762B00B33610 /* Session */ = {
			isa = PBXGroup;
			children = (
				AF69F5C82F43763B00B33610 /* SessionManager.swift */,
			);
			path = Session;
			sourceTree = "<group>";
		};
		AF69F5CB2F43769200B33610 /* Model */ = {
			isa = PBXGroup;
			children = (
				AFCA5CF32F75BC4B007A8578 /* DecryptedPremiumProxy.swift */,
				AF69F5CE2F4376C000B33610 /* TabModel.swift */,
				AF69F5CC2F4376A200B33610 /* AuthProxy.swift */,
			);
			path = Model;
			sourceTree = "<group>";
		};
		AF69F5D02F437A3100B33610 /* State */ = {
			isa = PBXGroup;
			children = (
				AF69F5D12F437A3600B33610 /* BrowserWindowState.swift */,
			);
			path = State;
			sourceTree = "<group>";
		};
		AF69F5D32F437A8200B33610 /* Networking */ = {
			isa = PBXGroup;
			children = (
				AF401AB52F4D1ADC00EF265C /* Services */,
				AF401AB22F4D1A9700EF265C /* Endpoint */,
				AF401AAB2F4D1A1700EF265C /* Core */,
				AF0A09DB2F4653B100A12964 /* VPN */,
				AF69F5D42F437A8C00B33610 /* Proxy */,
			);
			path = Networking;
			sourceTree = "<group>";
		};
		AF69F5D42F437A8C00B33610 /* Proxy */ = {
			isa = PBXGroup;
			children = (
				AF498D302F4AB8F1004C03B3 /* StaticAuthProxyProvider.swift */,
				AF498D2E2F4AB8AC004C03B3 /* ProxyPoolService.swift */,
				AF69F5D52F437AA600B33610 /* ProxyConfigurationFactory.swift */,
				AF69F5CB2F43769200B33610 /* Model */,
			);
			path = Proxy;
			sourceTree = "<group>";
		};
		AF69F5D72F437B6A00B33610 /* TopBar */ = {
			isa = PBXGroup;
			children = (
				AF69F5EB2F44C18E00B33610 /* BrowserAddressBarView.swift */,
				AF69F5DA2F437B7F00B33610 /* BrowserTabsStripView.swift */,
			);
			path = TopBar;
			sourceTree = "<group>";
		};
		AF69F5E82F43A5B300B33610 /* WebView */ = {
			isa = PBXGroup;
			children = (
				AF69F5E92F43A5BD00B33610 /* WebViewContainer.swift */,
			);
			path = WebView;
			sourceTree = "<group>";
		};
		AF80C5BA2F4E74FE0064B8FD /* Core */ = {
			isa = PBXGroup;
			children = (
				AF80C5BB2F4E75040064B8FD /* Errors */,
			);
			path = Core;
			sourceTree = "<group>";
		};
		AF80C5BB2F4E75040064B8FD /* Errors */ = {
			isa = PBXGroup;
			children = (
				AF80C5BC2F4E750E0064B8FD /* AppError.swift */,
			);
			path = Errors;
			sourceTree = "<group>";
		};
		AF99BFBC2FA00AC40096FAE9 /* Update */ = {
			isa = PBXGroup;
			children = (
				AF99BFC62FA02EFF0096FAE9 /* SparkleUpdaterDelegate.swift */,
				AF99BFC42FA0134E0096FAE9 /* ForceUpdateBlockingOverlay.swift */,
				AF99BFC22FA013350096FAE9 /* ForceUpdateGate.swift */,
				AF99BFC02FA010820096FAE9 /* SparkleUpdateCoordinator.swift */,
				AF99BFBD2FA00ACE0096FAE9 /* SparkleSystemUI */,
			);
			path = Update;
			sourceTree = "<group>";
		};
		AF99BFBD2FA00ACE0096FAE9 /* SparkleSystemUI */ = {
			isa = PBXGroup;
			children = (
				AF99BFBE2FA00AD70096FAE9 /* CheckForUpdatesView.swift */,
			);
			path = SparkleSystemUI;
			sourceTree = "<group>";
		};
		AFE9764B2F5530AC00D270C8 /* ShiftLicense */ = {
			isa = PBXGroup;
			children = (
				AFE9764F2F55342F00D270C8 /* ShiftViewModel.swift */,
				AFE9764A2F5530AC00D270C8 /* ShiftLicenseView.swift */,
			);
			path = ShiftLicense;
			sourceTree = "<group>";
		};
		AFF3EABC2F3CAC3A00C6F08E = {
			isa = PBXGroup;
			children = (
				AFF3EAD42F3CAC4800C6F08E /* BrowserJet */,
				AFF3EAC62F3CAC3A00C6F08E /* Products */,
			);
			sourceTree = "<group>";
		};
		AFF3EAC62F3CAC3A00C6F08E /* Products */ = {
			isa = PBXGroup;
			children = (
				AFF3EAC52F3CAC3A00C6F08E /* BrowserJet.app */,
			);
			name = Products;
			sourceTree = "<group>";
		};
		AFF3EAD42F3CAC4800C6F08E /* BrowserJet */ = {
			isa = PBXGroup;
			children = (
				AF69F5C62F43762400B33610 /* AppFoundation */,
				AF56EF282F3E0F1400E49C58 /* Info.plist */,
				AF56EF172F3E026800E49C58 /* App */,
				AF56EF142F3E01E100E49C58 /* Models */,
				AF56EEF02F3CCDA100E49C58 /* Utils */,
				AFF3EB072F3CACB100C6F08E /* Configurations */,
				AFF3EB0A2F3CACB100C6F08E /* Features */,
				AFF3EB0B2F3CACB100C6F08E /* Views */,
				AFF3EB102F3CACB100C6F08E /* Resources */,
				AFF3EB2A2F3CACB100C6F08E /* DesignSystem */,
				AFF3EACE2F3CAC3C00C6F08E /* BrowserJet.entitlements */,
			);
			path = BrowserJet;
			sourceTree = "<group>";
		};
		AFF3EB072F3CACB100C6F08E /* Configurations */ = {
			isa = PBXGroup;
			children = (
				AFF3EB062F3CACB100C6F08E /* Base.xcconfig */,
				AF127CFD2F9FAFC500EE34E2 /* Development.xcconfig */,
				AF127CFF2F9FAFD400EE34E2 /* Production.xcconfig */,
			);
			path = Configurations;
			sourceTree = "<group>";
		};
		AFF3EB092F3CACB100C6F08E /* Launcher */ = {
			isa = PBXGroup;
			children = (
				AF7A10002F90010000E49C58 /* LauncherMessages.swift */,
				AF56EF302F3E41E200E49C58 /* LauncherViewModel.swift */,
				AF56EF2D2F3E326D00E49C58 /* Models */,
				AF56EF2B2F3E131C00E49C58 /* RegionType.swift */,
				AF56EF292F3E131100E49C58 /* VPNType.swift */,
				AF56EF262F3E0B7D00E49C58 /* LauncherRootView.swift */,
				AF56EF1C2F3E045B00E49C58 /* LauncherTabPreset.swift */,
				AF56EEEE2F3CC93700E49C58 /* LauncherSearchField.swift */,
				AFF3EB082F3CACB100C6F08E /* LauncherView.swift */,
			);
			path = Launcher;
			sourceTree = "<group>";
		};
		AFF3EB0A2F3CACB100C6F08E /* Features */ = {
			isa = PBXGroup;
			children = (
				AF99BFBC2FA00AC40096FAE9 /* Update */,
				AFF4DA062F74894B0028293B /* RecoverAccount */,
				AFF4D9FF2F743A620028293B /* Root */,
				AFE9764B2F5530AC00D270C8 /* ShiftLicense */,
				AF498D322F4B6D52004C03B3 /* Activation */,
				AF69F5AA2F4370BF00B33610 /* Browser */,
				AF56EF212F3E07A700E49C58 /* WindowController */,
				AFF3EB092F3CACB100C6F08E /* Launcher */,
			);
			path = Features;
			sourceTree = "<group>";
		};
		AFF3EB0B2F3CACB100C6F08E /* Views */ = {
			isa = PBXGroup;
			children = (
				AFE976512F5543C800D270C8 /* InfoAlertView.swift */,
				AF401AA72F4CF17000EF265C /* LoadingOverlayView.swift */,
				AF401AA32F4CD89D00EF265C /* BrowserJetTextField.swift */,
				AF498D392F4B7119004C03B3 /* BrowserJetSegmentedPicker.swift */,
				AF56EF062F3DEE2300E49C58 /* BrowserJetAppButton.swift */,
				AF56EEFC2F3CFD0B00E49C58 /* BrowserJetMenuPicker.swift */,
				AF56EEFA2F3CFA8E00E49C58 /* BrowserJetDivider.swift */,
				AF56EEF82F3CD8A200E49C58 /* GlassPillToggle.swift */,
				AF56EEE62F3CBB3200E49C58 /* AddressFieldBase.swift */,
				AF56EEE42F3CBADE00E49C58 /* CardContainer.swift */,
			);
			path = Views;
			sourceTree = "<group>";
		};
		AFF3EB0E2F3CACB100C6F08E /* Logging */ = {
			isa = PBXGroup;
			children = (
				AFF3EB0C2F3CACB100C6F08E /* AppLogger.swift */,
				AFF3EB0D2F3CACB100C6F08E /* LogLevel.swift */,
			);
			path = Logging;
			sourceTree = "<group>";
		};
		AFF3EB102F3CACB100C6F08E /* Resources */ = {
			isa = PBXGroup;
			children = (
				AF56EEF62F3CCE4900E49C58 /* Colors.xcassets */,
				AFF3EACC2F3CAC3C00C6F08E /* Assets.xcassets */,
			);
			path = Resources;
			sourceTree = "<group>";
		};
		AFF3EB122F3CACB100C6F08E /* Metrics */ = {
			isa = PBXGroup;
			children = (
				AFF3EB112F3CACB100C6F08E /* DesignMetrics.swift */,
			);
			path = Metrics;
			sourceTree = "<group>";
		};
		AFF3EB162F3CACB100C6F08E /* Components */ = {
			isa = PBXGroup;
			children = (
			);
			path = Components;
			sourceTree = "<group>";
		};
		AFF3EB182F3CACB100C6F08E /* Background */ = {
			isa = PBXGroup;
			children = (
				AFF3EB172F3CACB100C6F08E /* AppBackgroundStyle.swift */,
			);
			path = Background;
			sourceTree = "<group>";
		};
		AFF3EB1B2F3CACB100C6F08E /* Colors */ = {
			isa = PBXGroup;
			children = (
				AFF3EB192F3CACB100C6F08E /* BrowserJetDarkTheme.swift */,
				AFF3EB1A2F3CACB100C6F08E /* BrowserJetLightTheme.swift */,
			);
			path = Colors;
			sourceTree = "<group>";
		};
		AFF3EB1F2F3CACB100C6F08E /* Styles */ = {
			isa = PBXGroup;
			children = (
				AF69F5ED2F44CEE400B33610 /* HeadingStyles.swift */,
				AF56EEEC2F3CC4B500E49C58 /* TextFieldStyles.swift */,
				AFF3EB1C2F3CACB100C6F08E /* ButtonStyles.swift */,
				AFF3EB1D2F3CACB100C6F08E /* BodyStyles.swift */,
				AFF3EB1E2F3CACB100C6F08E /* TitleStyles.swift */,
			);
			path = Styles;
			sourceTree = "<group>";
		};
		AFF3EB242F3CACB100C6F08E /* Typography */ = {
			isa = PBXGroup;
			children = (
				AFF3EB1F2F3CACB100C6F08E /* Styles */,
				AFF3EB202F3CACB100C6F08E /* TextTypography.swift */,
				AFF3EB212F3CACB100C6F08E /* FontProvider.swift */,
				AFF3EB222F3CACB100C6F08E /* Typography.swift */,
				AFF3EB232F3CACB100C6F08E /* AppTypography.swift */,
			);
			path = Typography;
			sourceTree = "<group>";
		};
		AFF3EB282F3CACB100C6F08E /* Core */ = {
			isa = PBXGroup;
			children = (
				AF56EEEA2F3CC30100E49C58 /* DesignSystem+Environment.swift */,
				AF56EEE82F3CC2D200E49C58 /* DesignSystem.swift */,
				AFF3EB252F3CACB100C6F08E /* AppTheme.swift */,
				AFF3EB262F3CACB100C6F08E /* ThemeManager.swift */,
				AFF3EB272F3CACB100C6F08E /* Theme+Environment.swift */,
			);
			path = Core;
			sourceTree = "<group>";
		};
		AFF3EB292F3CACB100C6F08E /* Theme */ = {
			isa = PBXGroup;
			children = (
				AF401A9E2F4CC73F00EF265C /* TextFields */,
				AF56EF012F3D0A4200E49C58 /* View */,
				AF56EEFE2F3D086600E49C58 /* Buttons */,
				AFF3EB122F3CACB100C6F08E /* Metrics */,
				AFF3EB162F3CACB100C6F08E /* Components */,
				AFF3EB182F3CACB100C6F08E /* Background */,
				AFF3EB1B2F3CACB100C6F08E /* Colors */,
				AFF3EB242F3CACB100C6F08E /* Typography */,
				AFF3EB282F3CACB100C6F08E /* Core */,
			);
			path = Theme;
			sourceTree = "<group>";
		};
		AFF3EB2A2F3CACB100C6F08E /* DesignSystem */ = {
			isa = PBXGroup;
			children = (
				AFF3EB292F3CACB100C6F08E /* Theme */,
			);
			path = DesignSystem;
			sourceTree = "<group>";
		};
		AFF4D9FF2F743A620028293B /* Root */ = {
			isa = PBXGroup;
			children = (
				AFF4DA002F743A6B0028293B /* BrowserJetRootView.swift */,
			);
			path = Root;
			sourceTree = "<group>";
		};
		AFF4DA062F74894B0028293B /* RecoverAccount */ = {
			isa = PBXGroup;
			children = (
				AFF4DA092F7489680028293B /* RecoverAccountViewModel.swift */,
				AFF4DA072F74895C0028293B /* RecoverAccountView.swift */,
			);
			path = RecoverAccount;
			sourceTree = "<group>";
		};
/* End PBXGroup section */

/* Begin PBXNativeTarget section */
		AFF3EAC42F3CAC3A00C6F08E /* BrowserJet */ = {
			isa = PBXNativeTarget;
			buildConfigurationList = AFF3EAD12F3CAC3C00C6F08E /* Build configuration list for PBXNativeTarget "BrowserJet" */;
			buildPhases = (
				AFF3EB402F3CACD900C6F08E /* SwiftLint */,
				AFF3EAC12F3CAC3A00C6F08E /* Sources */,
				AFF3EAC22F3CAC3A00C6F08E /* Frameworks */,
				AFF3EAC32F3CAC3A00C6F08E /* Resources */,
			);
			buildRules = (
			);
			dependencies = (
			);
			name = BrowserJet;
			packageProductDependencies = (
				AF127CEF2F9AC70400EE34E2 /* FirebaseAnalytics */,
				AF127CF12F9AC70400EE34E2 /* FirebaseCore */,
				AF127CF32F9AC70400EE34E2 /* FirebaseCrashlytics */,
				AF127CF52F9AC70400EE34E2 /* FirebaseRemoteConfig */,
				AF99BFB82FA002960096FAE9 /* Sparkle */,
			);
			productName = BrowserJet;
			productReference = AFF3EAC52F3CAC3A00C6F08E /* BrowserJet.app */;
			productType = "com.apple.product-type.application";
		};
/* End PBXNativeTarget section */

/* Begin PBXProject section */
		AFF3EABD2F3CAC3A00C6F08E /* Project object */ = {
			isa = PBXProject;
			attributes = {
				BuildIndependentTargetsInParallel = 1;
				LastSwiftUpdateCheck = 1640;
				LastUpgradeCheck = 1640;
				TargetAttributes = {
					AFF3EAC42F3CAC3A00C6F08E = {
						CreatedOnToolsVersion = 16.4;
					};
				};
			};
			buildConfigurationList = AFF3EAC02F3CAC3A00C6F08E /* Build configuration list for PBXProject "BrowserJet" */;
			developmentRegion = en;
			hasScannedForEncodings = 0;
			knownRegions = (
				en,
				Base,
			);
			mainGroup = AFF3EABC2F3CAC3A00C6F08E;
			minimizedProjectReferenceProxies = 1;
			packageReferences = (
				AF127CEE2F9AC70400EE34E2 /* XCRemoteSwiftPackageReference "firebase-ios-sdk" */,
				AF99BFB72FA002960096FAE9 /* XCRemoteSwiftPackageReference "Sparkle" */,
			);
			preferredProjectObjectVersion = 77;
			productRefGroup = AFF3EAC62F3CAC3A00C6F08E /* Products */;
			projectDirPath = "";
			projectRoot = "";
			targets = (
				AFF3EAC42F3CAC3A00C6F08E /* BrowserJet */,
			);
		};
/* End PBXProject section */

/* Begin PBXResourcesBuildPhase section */
		AFF3EAC32F3CAC3A00C6F08E /* Resources */ = {
			isa = PBXResourcesBuildPhase;
			buildActionMask = 2147483647;
			files = (
				AF56EEF72F3CCE4900E49C58 /* Colors.xcassets in Resources */,
				AF127CEB2F9AC61D00EE34E2 /* GoogleService-Info.plist in Resources */,
				AFF3EACD2F3CAC3C00C6F08E /* Assets.xcassets in Resources */,
			);
			runOnlyForDeploymentPostprocessing = 0;
		};
/* End PBXResourcesBuildPhase section */

/* Begin PBXShellScriptBuildPhase section */
		AFF3EB402F3CACD900C6F08E /* SwiftLint */ = {
			isa = PBXShellScriptBuildPhase;
			buildActionMask = 2147483647;
			files = (
			);
			inputFileListPaths = (
			);
			inputPaths = (
			);
			name = SwiftLint;
			outputFileListPaths = (
			);
			outputPaths = (
			);
			runOnlyForDeploymentPostprocessing = 0;
			shellPath = /bin/sh;
			shellScript = "#!/bin/bash\n\n# --------------------------------------------------\n# SwiftLint Run Script (xcconfig-driven)\n# --------------------------------------------------\n\nexport PATH=\"$PATH:/opt/homebrew/bin:/usr/local/bin\"\n\ncd \"$SRCROOT\" || exit 0\n\n# Read from xcconfig\nSWIFTLINT_ENABLED=\"${SWIFTLINT_ENABLED}\"\nSWIFTLINT_CONFIG_FILE=\"${SWIFTLINT_CONFIG_FILE}\"\n\n# 1. Check if SwiftLint is enabled\nif [ \"$SWIFTLINT_ENABLED\" != \"YES\" ]; then\n  echo \"ℹ️ SwiftLint disabled for this configuration. Skipping.\"\n  exit 0\nfi\n\n# 2. Check SwiftLint installation\nif ! command -v swiftlint >/dev/null 2>&1; then\n  echo \"warning: SwiftLint not installed. Download from https://github.com/realm/SwiftLint\"\n  exit 0\nfi\n\n# 3. Validate config file\nif [ -z \"$SWIFTLINT_CONFIG_FILE\" ]; then\n  echo \"warning: SWIFTLINT_CONFIG_FILE not set. Skipping SwiftLint.\"\n  exit 0\nfi\n\nif [ ! -f \"$SWIFTLINT_CONFIG_FILE\" ]; then\n  echo \"warning: SwiftLint config '$SWIFTLINT_CONFIG_FILE' not found. Skipping.\"\n  exit 0\nfi\n\n# 4. Run SwiftLint\necho \"🔍 Running SwiftLint using config: $SWIFTLINT_CONFIG_FILE\"\nswiftlint lint --no-cache --config \"$SWIFTLINT_CONFIG_FILE\"\n";
		};
/* End PBXShellScriptBuildPhase section */

/* Begin PBXSourcesBuildPhase section */
		AFF3EAC12F3CAC3A00C6F08E /* Sources */ = {
			isa = PBXSourcesBuildPhase;
			buildActionMask = 2147483647;
			files = (
				AF498D2F2F4AB8AD004C03B3 /* ProxyPoolService.swift in Sources */,
				AFF3EB2B2F3CACB100C6F08E /* DesignMetrics.swift in Sources */,
				AFA2C7DB2F47EDB800F7C889 /* BrowserToolbarIconButtonStyle.swift in Sources */,
				AFC3ECA82F3E6F5400DD4BF5 /* ProxyType.swift in Sources */,
				AFF3EB2C2F3CACB100C6F08E /* BrowserJetLightTheme.swift in Sources */,
				AF56EF092F3DF56400E49C58 /* ButtonStyleProvider.swift in Sources */,
				AF69F5C52F43751E00B33610 /* SessionIsolationMode.swift in Sources */,
				AF127CFB2F9ACA9800EE34E2 /* RemoteConfigManager.swift in Sources */,
				AF0A09DD2F4653C400A12964 /* VPNConfiguration.swift in Sources */,
				AFE976502F55343100D270C8 /* ShiftViewModel.swift in Sources */,
				AF69F5EA2F43A5C000B33610 /* WebViewContainer.swift in Sources */,
				AF0A09E12F4653F300A12964 /* UsernameGenerator.swift in Sources */,
				AFE976522F5543CB00D270C8 /* InfoAlertView.swift in Sources */,
				AFF3EB2D2F3CACB100C6F08E /* Typography.swift in Sources */,
				AF99BFC12FA010830096FAE9 /* SparkleUpdateCoordinator.swift in Sources */,
				AF69F5C92F43763B00B33610 /* SessionManager.swift in Sources */,
				AF401AB42F4D1A9B00EF265C /* EndpointProtocol.swift in Sources */,
				AFE976562F55586D00D270C8 /* ActivationMessages.swift in Sources */,
				AF56EF2A2F3E131200E49C58 /* VPNType.swift in Sources */,
				AFF3EB2E2F3CACB100C6F08E /* TitleStyles.swift in Sources */,
				AFF3EB312F3CACB100C6F08E /* AppBackgroundStyle.swift in Sources */,
				AFF3EB322F3CACB100C6F08E /* AppTypography.swift in Sources */,
				AF401AA42F4CD89D00EF265C /* BrowserJetTextField.swift in Sources */,
				AF56EF032F3D0A4900E49C58 /* ViewConfig.swift in Sources */,
				AF401ACF2F4D2CA700EF265C /* LicenseStore.swift in Sources */,
				AFF3EB332F3CACB100C6F08E /* LogLevel.swift in Sources */,
				AFE9764C2F5530AC00D270C8 /* ShiftLicenseView.swift in Sources */,
				AF401AC32F4D1C5B00EF265C /* AppUpdateEndpoint.swift in Sources */,
				AF401AB92F4D1B0400EF265C /* ProxyService.swift in Sources */,
				AF401AC82F4D2C1600EF265C /* LicenseEnums.swift in Sources */,
				AF56EEE72F3CBB3A00E49C58 /* AddressFieldBase.swift in Sources */,
				AF56EEEB2F3CC30800E49C58 /* DesignSystem+Environment.swift in Sources */,
				AF401AAF2F4D1A5B00EF265C /* APIError.swift in Sources */,
				AFA2C7D52F47E8AC00F7C889 /* DuplicateTabsPopoverView.swift in Sources */,
				AF401AA22F4CD7F800EF265C /* TextFieldStyleProvider.swift in Sources */,
				AFF3EB342F3CACB100C6F08E /* FontProvider.swift in Sources */,
				AF56EF132F3DFC9800E49C58 /* CornerRadiusModifier.swift in Sources */,
				AF401ABF2F4D1BE900EF265C /* ProxyEndpoint.swift in Sources */,
				AFF3EB352F3CACB100C6F08E /* TextTypography.swift in Sources */,
				AF401ABB2F4D1B1100EF265C /* AppUpdateService.swift in Sources */,
				AF56EF1D2F3E045C00E49C58 /* LauncherTabPreset.swift in Sources */,
				AF56EF312F3E41E200E49C58 /* LauncherViewModel.swift in Sources */,
				AF7A10012F90010000E49C58 /* LauncherMessages.swift in Sources */,
				AF56EEF42F3CCDB500E49C58 /* Color+Init.swift in Sources */,
				AF69F5D22F437A3600B33610 /* BrowserWindowState.swift in Sources */,
				AF69F5BC2F43744200B33610 /* BrowserTabPillView.swift in Sources */,
				AF401AC52F4D2BE800EF265C /* DateFormatterProvider.swift in Sources */,
				AF69F5C32F43748800B33610 /* BrowserChromeView.swift in Sources */,
				AF80C5BD2F4E750E0064B8FD /* AppError.swift in Sources */,
				AF69F5B02F43716300B33610 /* BrowserToolbarAction.swift in Sources */,
				AF0A09DF2F4653D400A12964 /* VPNProvider.swift in Sources */,
				AF99BFC32FA013370096FAE9 /* ForceUpdateGate.swift in Sources */,
				AF56EF162F3E01EC00E49C58 /* AppConfiguration.swift in Sources */,
				AF56EEFD2F3CFD0B00E49C58 /* BrowserJetMenuPicker.swift in Sources */,
				AF401AA82F4CF17000EF265C /* LoadingOverlayView.swift in Sources */,
				AF56EF272F3E0B7D00E49C58 /* LauncherRootView.swift in Sources */,
				AFA2C7D92F47EACB00F7C889 /* BrowserMoreMenuView.swift in Sources */,
				AF401ACA2F4D2C3F00EF265C /* VerifyKeyResponse.swift in Sources */,
				AF401AC12F4D1C3000EF265C /* HTTPMethod.swift in Sources */,
				AFF3EB362F3CACB100C6F08E /* BrowserJetDarkTheme.swift in Sources */,
				AFF3EB372F3CACB100C6F08E /* LauncherView.swift in Sources */,
				AF498D3A2F4B7119004C03B3 /* BrowserJetSegmentedPicker.swift in Sources */,
				AF401AB72F4D1AE300EF265C /* LicenseService.swift in Sources */,
				AF56EEED2F3CC4B700E49C58 /* TextFieldStyles.swift in Sources */,
				AF56EEE52F3CBADE00E49C58 /* CardContainer.swift in Sources */,
				AFF3EB382F3CACB100C6F08E /* AppLogger.swift in Sources */,
				AF99BFB62F9FDF710096FAE9 /* AppUpdatePolicy.swift in Sources */,
				AF56EEEF2F3CC94100E49C58 /* LauncherSearchField.swift in Sources */,
				AFA2C7D72F47EA6600F7C889 /* BrowserMoreMenuItem.swift in Sources */,
				AFF3EB392F3CACB100C6F08E /* Theme+Environment.swift in Sources */,
				AFF4DA082F7489600028293B /* RecoverAccountView.swift in Sources */,
				AF69F5AD2F43713000B33610 /* BrowserMenuBuilder.swift in Sources */,
				AF69F5CF2F4376C000B33610 /* TabModel.swift in Sources */,
				AFCA5CEC2F75B104007A8578 /* LicenseAccountStore.swift in Sources */,
				AF401AA02F4CC79700EF265C /* BrowserJetTextfieldStyleProtocol.swift in Sources */,
				AF80C5B52F4E71820064B8FD /* UserSession.swift in Sources */,
				AFF4DA0A2F7489680028293B /* RecoverAccountViewModel.swift in Sources */,
				AF99BFC72FA02F000096FAE9 /* SparkleUpdaterDelegate.swift in Sources */,
				AF69F5D62F437AAB00B33610 /* ProxyConfigurationFactory.swift in Sources */,
				AF69F5EE2F44CEE700B33610 /* HeadingStyles.swift in Sources */,
				AF69F5B52F43729700B33610 /* BrowserTabItem.swift in Sources */,
				AF56EF0E2F3DF85000E49C58 /* CornerRadius.swift in Sources */,
				AF99BFBB2FA009B10096FAE9 /* Bundle+Version.swift in Sources */,
				AF498D312F4AB8F1004C03B3 /* StaticAuthProxyProvider.swift in Sources */,
				AF56EF102F3DFC8400E49C58 /* CustomWidth.swift in Sources */,
				AF56EF192F3E027000E49C58 /* AppConfiguration+Environment.swift in Sources */,
				AF401AB12F4D1A7D00EF265C /* APIClient.swift in Sources */,
				AF401AAA2F4CF18B00EF265C /* LoadingOverlayModifier.swift in Sources */,
				AFF3EB3B2F3CACB100C6F08E /* ButtonStyles.swift in Sources */,
				AFF3EB3C2F3CACB100C6F08E /* AppTheme.swift in Sources */,
				AFF3EB3D2F3CACB100C6F08E /* BodyStyles.swift in Sources */,
				AFCA5CF02F75BC0D007A8578 /* PremiumProxyPayloadDecryptor.swift in Sources */,
				AFCA5CF22F75BC32007A8578 /* PremiumProxyRepository.swift in Sources */,
				AFCC10022F90002007A8578 /* VPN1ProxyRepository.swift in Sources */,
				AF56EF2C2F3E131C00E49C58 /* RegionType.swift in Sources */,
				AF56EF072F3DEE3100E49C58 /* BrowserJetAppButton.swift in Sources */,
				AF401AA62F4CEABD00EF265C /* ValidationRule.swift in Sources */,
				AF56EEFB2F3CFA8E00E49C58 /* BrowserJetDivider.swift in Sources */,
				AF56EEF92F3CD8A800E49C58 /* GlassPillToggle.swift in Sources */,
				AF498D362F4B6D69004C03B3 /* ActivationViewModel.swift in Sources */,
				AF401ABD2F4D1BC800EF265C /* LicenseEndpoint.swift in Sources */,
				AF69F5E52F43A3B200B33610 /* BrowserRootView.swift in Sources */,
				AF401ACC2F4D2C8400EF265C /* PersistedLicense.swift in Sources */,
				AF56EF202F3E061600E49C58 /* Int+Extensions.swift in Sources */,
				AF69F5E12F43A30A00B33610 /* LaunchRequest.swift in Sources */,
				AF401AAD2F4D1A2200EF265C /* APIEnvironment.swift in Sources */,
				AF56EEE92F3CC2D600E49C58 /* DesignSystem.swift in Sources */,
				AF56EF2F2F3E327100E49C58 /* LauncherSettings.swift in Sources */,
				AF69F5DB2F437B8000B33610 /* BrowserTabsStripView.swift in Sources */,
				AF99BFBF2FA00AD90096FAE9 /* CheckForUpdatesView.swift in Sources */,
				AF69F5E32F43A32100B33610 /* LauncherSettings+LaunchRequest.swift in Sources */,
				AF99BFC52FA013500096FAE9 /* ForceUpdateBlockingOverlay.swift in Sources */,
				AF69F5CD2F4376A200B33610 /* AuthProxy.swift in Sources */,
				AFCA5CF42F75BC4C007A8578 /* DecryptedPremiumProxy.swift in Sources */,
				AFF3EB3E2F3CACB100C6F08E /* ThemeManager.swift in Sources */,
				AF69F5EC2F44C18E00B33610 /* BrowserAddressBarView.swift in Sources */,
				AF56EF002F3D087000E49C58 /* BrowserJetButtonStyleProtocol.swift in Sources */,
				AF56EF1B2F3E02C900E49C58 /* BrowserJet.swift in Sources */,
				AF56EF252F3E086A00E49C58 /* WindowManager.swift in Sources */,
				AF56EF232F3E07B500E49C58 /* BrowserJetWindowController.swift in Sources */,
				AFF4DA032F7451720028293B /* PaymentAlertItem.swift in Sources */,
				AF80C5B72F4E724B0064B8FD /* Data+Extensions.swift in Sources */,
				AF127D022F9FBA8800EE34E2 /* AppUtils.swift in Sources */,
				AF69F5C12F43747800B33610 /* BrowserToolbarView.swift in Sources */,
				AF69F5B92F4372CB00B33610 /* BrowserConnectionBadgeView.swift in Sources */,
				AF80C5B92F4E74080064B8FD /* UserDefaultsKeyValueStore.swift in Sources */,
				AF498D342F4B6D62004C03B3 /* ActivationRootView.swift in Sources */,
				AF401AD12F4D37E500EF265C /* SystemInfo.swift in Sources */,
				AFF4DA012F743A6C0028293B /* BrowserJetRootView.swift in Sources */,
				AF60864A2F732CB2003931E2 /* LicenseActivationCoordinator.swift in Sources */,
				AF56EF052F3D0A7C00E49C58 /* BrowserJetViewConfig.swift in Sources */,
				AF127CF92F9ACA8100EE34E2 /* RemoteConfigKey.swift in Sources */,
			);
			runOnlyForDeploymentPostprocessing = 0;
		};
/* End PBXSourcesBuildPhase section */

/* Begin XCBuildConfiguration section */
		AFF3EACF2F3CAC3C00C6F08E /* Debug */ = {
			isa = XCBuildConfiguration;
			baseConfigurationReference = AF127CFD2F9FAFC500EE34E2 /* Development.xcconfig */;
			buildSettings = {
				ALWAYS_SEARCH_USER_PATHS = NO;
				ASSETCATALOG_COMPILER_GENERATE_SWIFT_ASSET_SYMBOL_EXTENSIONS = YES;
				CLANG_ANALYZER_NONNULL = YES;
				CLANG_ANALYZER_NUMBER_OBJECT_CONVERSION = YES_AGGRESSIVE;
				CLANG_CXX_LANGUAGE_STANDARD = "gnu++20";
				CLANG_ENABLE_MODULES = YES;
				CLANG_ENABLE_OBJC_ARC = YES;
				CLANG_ENABLE_OBJC_WEAK = YES;
				CLANG_WARN_BLOCK_CAPTURE_AUTORELEASING = YES;
				CLANG_WARN_BOOL_CONVERSION = YES;
				CLANG_WARN_COMMA = YES;
				CLANG_WARN_CONSTANT_CONVERSION = YES;
				CLANG_WARN_DEPRECATED_OBJC_IMPLEMENTATIONS = YES;
				CLANG_WARN_DIRECT_OBJC_ISA_USAGE = YES_ERROR;
				CLANG_WARN_DOCUMENTATION_COMMENTS = YES;
				CLANG_WARN_EMPTY_BODY = YES;
				CLANG_WARN_ENUM_CONVERSION = YES;
				CLANG_WARN_INFINITE_RECURSION = YES;
				CLANG_WARN_INT_CONVERSION = YES;
				CLANG_WARN_NON_LITERAL_NULL_CONVERSION = YES;
				CLANG_WARN_OBJC_IMPLICIT_RETAIN_SELF = YES;
				CLANG_WARN_OBJC_LITERAL_CONVERSION = YES;
				CLANG_WARN_OBJC_ROOT_CLASS = YES_ERROR;
				CLANG_WARN_QUOTED_INCLUDE_IN_FRAMEWORK_HEADER = YES;
				CLANG_WARN_RANGE_LOOP_ANALYSIS = YES;
				CLANG_WARN_STRICT_PROTOTYPES = YES;
				CLANG_WARN_SUSPICIOUS_MOVE = YES;
				CLANG_WARN_UNGUARDED_AVAILABILITY = YES_AGGRESSIVE;
				CLANG_WARN_UNREACHABLE_CODE = YES;
				CLANG_WARN__DUPLICATE_METHOD_MATCH = YES;
				COPY_PHASE_STRIP = NO;
				DEBUG_INFORMATION_FORMAT = dwarf;
				ENABLE_STRICT_OBJC_MSGSEND = YES;
				ENABLE_TESTABILITY = YES;
				ENABLE_USER_SCRIPT_SANDBOXING = YES;
				GCC_C_LANGUAGE_STANDARD = gnu17;
				GCC_DYNAMIC_NO_PIC = NO;
				GCC_NO_COMMON_BLOCKS = YES;
				GCC_OPTIMIZATION_LEVEL = 0;
				GCC_PREPROCESSOR_DEFINITIONS = (
					"DEBUG=1",
					"$(inherited)",
				);
				GCC_WARN_64_TO_32_BIT_CONVERSION = YES;
				GCC_WARN_ABOUT_RETURN_TYPE = YES_ERROR;
				GCC_WARN_UNDECLARED_SELECTOR = YES;
				GCC_WARN_UNINITIALIZED_AUTOS = YES_AGGRESSIVE;
				GCC_WARN_UNUSED_FUNCTION = YES;
				GCC_WARN_UNUSED_VARIABLE = YES;
				LOCALIZATION_PREFERS_STRING_CATALOGS = YES;
				MACOSX_DEPLOYMENT_TARGET = 15.5;
				MTL_ENABLE_DEBUG_INFO = INCLUDE_SOURCE;
				MTL_FAST_MATH = YES;
				ONLY_ACTIVE_ARCH = YES;
				SDKROOT = macosx;
				SWIFT_ACTIVE_COMPILATION_CONDITIONS = "DEBUG $(inherited)";
				SWIFT_OPTIMIZATION_LEVEL = "-Onone";
			};
			name = Debug;
		};
		AFF3EAD02F3CAC3C00C6F08E /* Release */ = {
			isa = XCBuildConfiguration;
			baseConfigurationReference = AF127CFF2F9FAFD400EE34E2 /* Production.xcconfig */;
			buildSettings = {
				ALWAYS_SEARCH_USER_PATHS = NO;
				ASSETCATALOG_COMPILER_GENERATE_SWIFT_ASSET_SYMBOL_EXTENSIONS = YES;
				CLANG_ANALYZER_NONNULL = YES;
				CLANG_ANALYZER_NUMBER_OBJECT_CONVERSION = YES_AGGRESSIVE;
				CLANG_CXX_LANGUAGE_STANDARD = "gnu++20";
				CLANG_ENABLE_MODULES = YES;
				CLANG_ENABLE_OBJC_ARC = YES;
				CLANG_ENABLE_OBJC_WEAK = YES;
				CLANG_WARN_BLOCK_CAPTURE_AUTORELEASING = YES;
				CLANG_WARN_BOOL_CONVERSION = YES;
				CLANG_WARN_COMMA = YES;
				CLANG_WARN_CONSTANT_CONVERSION = YES;
				CLANG_WARN_DEPRECATED_OBJC_IMPLEMENTATIONS = YES;
				CLANG_WARN_DIRECT_OBJC_ISA_USAGE = YES_ERROR;
				CLANG_WARN_DOCUMENTATION_COMMENTS = YES;
				CLANG_WARN_EMPTY_BODY = YES;
				CLANG_WARN_ENUM_CONVERSION = YES;
				CLANG_WARN_INFINITE_RECURSION = YES;
				CLANG_WARN_INT_CONVERSION = YES;
				CLANG_WARN_NON_LITERAL_NULL_CONVERSION = YES;
				CLANG_WARN_OBJC_IMPLICIT_RETAIN_SELF = YES;
				CLANG_WARN_OBJC_LITERAL_CONVERSION = YES;
				CLANG_WARN_OBJC_ROOT_CLASS = YES_ERROR;
				CLANG_WARN_QUOTED_INCLUDE_IN_FRAMEWORK_HEADER = YES;
				CLANG_WARN_RANGE_LOOP_ANALYSIS = YES;
				CLANG_WARN_STRICT_PROTOTYPES = YES;
				CLANG_WARN_SUSPICIOUS_MOVE = YES;
				CLANG_WARN_UNGUARDED_AVAILABILITY = YES_AGGRESSIVE;
				CLANG_WARN_UNREACHABLE_CODE = YES;
				CLANG_WARN__DUPLICATE_METHOD_MATCH = YES;
				COPY_PHASE_STRIP = NO;
				DEBUG_INFORMATION_FORMAT = "dwarf-with-dsym";
				ENABLE_NS_ASSERTIONS = NO;
				ENABLE_STRICT_OBJC_MSGSEND = YES;
				ENABLE_USER_SCRIPT_SANDBOXING = YES;
				GCC_C_LANGUAGE_STANDARD = gnu17;
				GCC_NO_COMMON_BLOCKS = YES;
				GCC_WARN_64_TO_32_BIT_CONVERSION = YES;
				GCC_WARN_ABOUT_RETURN_TYPE = YES_ERROR;
				GCC_WARN_UNDECLARED_SELECTOR = YES;
				GCC_WARN_UNINITIALIZED_AUTOS = YES_AGGRESSIVE;
				GCC_WARN_UNUSED_FUNCTION = YES;
				GCC_WARN_UNUSED_VARIABLE = YES;
				LOCALIZATION_PREFERS_STRING_CATALOGS = YES;
				MACOSX_DEPLOYMENT_TARGET = 15.5;
				MTL_ENABLE_DEBUG_INFO = NO;
				MTL_FAST_MATH = YES;
				SDKROOT = macosx;
				SWIFT_COMPILATION_MODE = wholemodule;
			};
			name = Release;
		};
		AFF3EAD22F3CAC3C00C6F08E /* Debug */ = {
			isa = XCBuildConfiguration;
			baseConfigurationReference = AF127CFD2F9FAFC500EE34E2 /* Development.xcconfig */;
			buildSettings = {
				ASSETCATALOG_COMPILER_APPICON_NAME = AppIcon;
				ASSETCATALOG_COMPILER_GLOBAL_ACCENT_COLOR_NAME = AccentColor;
				AUTOMATION_APPLE_EVENTS = NO;
				CODE_SIGN_ENTITLEMENTS = BrowserJet/BrowserJet.entitlements;
				CODE_SIGN_IDENTITY = "Apple Development";
				CODE_SIGN_STYLE = Automatic;
				COMBINE_HIDPI_IMAGES = YES;
				CURRENT_PROJECT_VERSION = "$(inherited)";
				DEVELOPMENT_TEAM = F7WH9VQS26;
				ENABLE_HARDENED_RUNTIME = YES;
				ENABLE_PREVIEWS = YES;
				ENABLE_RESOURCE_ACCESS_AUDIO_INPUT = NO;
				ENABLE_RESOURCE_ACCESS_CALENDARS = NO;
				ENABLE_RESOURCE_ACCESS_CAMERA = NO;
				ENABLE_RESOURCE_ACCESS_CONTACTS = NO;
				ENABLE_RESOURCE_ACCESS_LOCATION = NO;
				ENABLE_RESOURCE_ACCESS_PHOTO_LIBRARY = NO;
				ENABLE_USER_SCRIPT_SANDBOXING = NO;
				GENERATE_INFOPLIST_FILE = YES;
				INFOPLIST_FILE = BrowserJet/Info.plist;
				INFOPLIST_KEY_NSHumanReadableCopyright = "";
				LD_RUNPATH_SEARCH_PATHS = (
					"$(inherited)",
					"@executable_path/../Frameworks",
				);
				MARKETING_VERSION = "$(inherited)";
				PRODUCT_BUNDLE_IDENTIFIER = com.EBA.BrowserJet;
				PRODUCT_NAME = "$(TARGET_NAME)";
				PROVISIONING_PROFILE_SPECIFIER = "";
				REGISTER_APP_GROUPS = YES;
				RUNTIME_EXCEPTION_ALLOW_DYLD_ENVIRONMENT_VARIABLES = NO;
				RUNTIME_EXCEPTION_ALLOW_JIT = NO;
				RUNTIME_EXCEPTION_ALLOW_UNSIGNED_EXECUTABLE_MEMORY = NO;
				RUNTIME_EXCEPTION_DEBUGGING_TOOL = NO;
				RUNTIME_EXCEPTION_DISABLE_EXECUTABLE_PAGE_PROTECTION = NO;
				RUNTIME_EXCEPTION_DISABLE_LIBRARY_VALIDATION = NO;
				SWIFT_EMIT_LOC_STRINGS = YES;
				SWIFT_VERSION = 5.0;
			};
			name = Debug;
		};
		AFF3EAD32F3CAC3C00C6F08E /* Release */ = {
			isa = XCBuildConfiguration;
			baseConfigurationReference = AF127CFF2F9FAFD400EE34E2 /* Production.xcconfig */;
			buildSettings = {
				ASSETCATALOG_COMPILER_APPICON_NAME = AppIcon;
				ASSETCATALOG_COMPILER_GLOBAL_ACCENT_COLOR_NAME = AccentColor;
				AUTOMATION_APPLE_EVENTS = NO;
				CODE_SIGN_ENTITLEMENTS = BrowserJet/BrowserJet.entitlements;
				CODE_SIGN_IDENTITY = "Apple Development";
				CODE_SIGN_STYLE = Automatic;
				COMBINE_HIDPI_IMAGES = YES;
				CURRENT_PROJECT_VERSION = "$(inherited)";
				DEVELOPMENT_TEAM = F7WH9VQS26;
				ENABLE_HARDENED_RUNTIME = YES;
				ENABLE_PREVIEWS = YES;
				ENABLE_RESOURCE_ACCESS_AUDIO_INPUT = NO;
				ENABLE_RESOURCE_ACCESS_CALENDARS = NO;
				ENABLE_RESOURCE_ACCESS_CAMERA = NO;
				ENABLE_RESOURCE_ACCESS_CONTACTS = NO;
				ENABLE_RESOURCE_ACCESS_LOCATION = NO;
				ENABLE_RESOURCE_ACCESS_PHOTO_LIBRARY = NO;
				ENABLE_USER_SCRIPT_SANDBOXING = NO;
				GENERATE_INFOPLIST_FILE = YES;
				INFOPLIST_FILE = BrowserJet/Info.plist;
				INFOPLIST_KEY_NSHumanReadableCopyright = "";
				LD_RUNPATH_SEARCH_PATHS = (
					"$(inherited)",
					"@executable_path/../Frameworks",
				);
				MARKETING_VERSION = "$(inherited)";
				PRODUCT_BUNDLE_IDENTIFIER = com.EBA.BrowserJet;
				PRODUCT_NAME = "$(TARGET_NAME)";
				PROVISIONING_PROFILE_SPECIFIER = "";
				REGISTER_APP_GROUPS = YES;
				RUNTIME_EXCEPTION_ALLOW_DYLD_ENVIRONMENT_VARIABLES = NO;
				RUNTIME_EXCEPTION_ALLOW_JIT = NO;
				RUNTIME_EXCEPTION_ALLOW_UNSIGNED_EXECUTABLE_MEMORY = NO;
				RUNTIME_EXCEPTION_DEBUGGING_TOOL = NO;
				RUNTIME_EXCEPTION_DISABLE_EXECUTABLE_PAGE_PROTECTION = NO;
				RUNTIME_EXCEPTION_DISABLE_LIBRARY_VALIDATION = NO;
				SWIFT_EMIT_LOC_STRINGS = YES;
				SWIFT_VERSION = 5.0;
			};
			name = Release;
		};
/* End XCBuildConfiguration section */

/* Begin XCConfigurationList section */
		AFF3EAC02F3CAC3A00C6F08E /* Build configuration list for PBXProject "BrowserJet" */ = {
			isa = XCConfigurationList;
			buildConfigurations = (
				AFF3EACF2F3CAC3C00C6F08E /* Debug */,
				AFF3EAD02F3CAC3C00C6F08E /* Release */,
			);
			defaultConfigurationIsVisible = 0;
			defaultConfigurationName = Release;
		};
		AFF3EAD12F3CAC3C00C6F08E /* Build configuration list for PBXNativeTarget "BrowserJet" */ = {
			isa = XCConfigurationList;
			buildConfigurations = (
				AFF3EAD22F3CAC3C00C6F08E /* Debug */,
				AFF3EAD32F3CAC3C00C6F08E /* Release */,
			);
			defaultConfigurationIsVisible = 0;
			defaultConfigurationName = Release;
		};
/* End XCConfigurationList section */

/* Begin XCRemoteSwiftPackageReference section */
		AF127CEE2F9AC70400EE34E2 /* XCRemoteSwiftPackageReference "firebase-ios-sdk" */ = {
			isa = XCRemoteSwiftPackageReference;
			repositoryURL = "https://github.com/firebase/firebase-ios-sdk";
			requirement = {
				kind = upToNextMajorVersion;
				minimumVersion = 12.12.1;
			};
		};
		AF99BFB72FA002960096FAE9 /* XCRemoteSwiftPackageReference "Sparkle" */ = {
			isa = XCRemoteSwiftPackageReference;
			repositoryURL = "https://github.com/sparkle-project/Sparkle";
			requirement = {
				kind = upToNextMajorVersion;
				minimumVersion = 2.9.1;
			};
		};
/* End XCRemoteSwiftPackageReference section */

/* Begin XCSwiftPackageProductDependency section */
		AF127CEF2F9AC70400EE34E2 /* FirebaseAnalytics */ = {
			isa = XCSwiftPackageProductDependency;
			package = AF127CEE2F9AC70400EE34E2 /* XCRemoteSwiftPackageReference "firebase-ios-sdk" */;
			productName = FirebaseAnalytics;
		};
		AF127CF12F9AC70400EE34E2 /* FirebaseCore */ = {
			isa = XCSwiftPackageProductDependency;
			package = AF127CEE2F9AC70400EE34E2 /* XCRemoteSwiftPackageReference "firebase-ios-sdk" */;
			productName = FirebaseCore;
		};
		AF127CF32F9AC70400EE34E2 /* FirebaseCrashlytics */ = {
			isa = XCSwiftPackageProductDependency;
			package = AF127CEE2F9AC70400EE34E2 /* XCRemoteSwiftPackageReference "firebase-ios-sdk" */;
			productName = FirebaseCrashlytics;
		};
		AF127CF52F9AC70400EE34E2 /* FirebaseRemoteConfig */ = {
			isa = XCSwiftPackageProductDependency;
			package = AF127CEE2F9AC70400EE34E2 /* XCRemoteSwiftPackageReference "firebase-ios-sdk" */;
			productName = FirebaseRemoteConfig;
		};
		AF99BFB82FA002960096FAE9 /* Sparkle */ = {
			isa = XCSwiftPackageProductDependency;
			package = AF99BFB72FA002960096FAE9 /* XCRemoteSwiftPackageReference "Sparkle" */;
			productName = Sparkle;
		};
/* End XCSwiftPackageProductDependency section */
	};
	rootObject = AFF3EABD2F3CAC3A00C6F08E /* Project object */;
}
