// !$*UTF8*$!
{
	archiveVersion = 1;
	classes = {
	};
	objectVersion = 77;
	objects = {

/* Begin PBXBuildFile section */
		AF1A41282F3B8BE8005F0AAA /* Base.xcconfig in Resources */ = {isa = PBXBuildFile; fileRef = AF1A41262F3B8BE8005F0AAA /* Base.xcconfig */; };
		AF3F2A442F3B85DB00C4FDFB /* BrowserJetApp.swift in Sources */ = {isa = PBXBuildFile; fileRef = AF3F2A432F3B85DB00C4FDFB /* BrowserJetApp.swift */; };
		AF3F2A462F3B85DB00C4FDFB /* ContentView.swift in Sources */ = {isa = PBXBuildFile; fileRef = AF3F2A452F3B85DB00C4FDFB /* ContentView.swift */; };
		AF3F2A482F3B85DF00C4FDFB /* Assets.xcassets in Resources */ = {isa = PBXBuildFile; fileRef = AF3F2A472F3B85DF00C4FDFB /* Assets.xcassets */; };
		AF3F2A6E2F3B863C00C4FDFB /* BodyStyles.swift in Sources */ = {isa = PBXBuildFile; fileRef = AF3F2A602F3B863C00C4FDFB /* BodyStyles.swift */; };
		AF3F2A6F2F3B863C00C4FDFB /* LauncherView.swift in Sources */ = {isa = PBXBuildFile; fileRef = AF3F2A502F3B863C00C4FDFB /* LauncherView.swift */; };
		AF3F2A702F3B863C00C4FDFB /* BrowserJetDarkTheme.swift in Sources */ = {isa = PBXBuildFile; fileRef = AF3F2A5C2F3B863C00C4FDFB /* BrowserJetDarkTheme.swift */; };
		AF3F2A712F3B863C00C4FDFB /* AppTypography.swift in Sources */ = {isa = PBXBuildFile; fileRef = AF3F2A662F3B863C00C4FDFB /* AppTypography.swift */; };
		AF3F2A722F3B863C00C4FDFB /* TitleStyles.swift in Sources */ = {isa = PBXBuildFile; fileRef = AF3F2A612F3B863C00C4FDFB /* TitleStyles.swift */; };
		AF3F2A732F3B863C00C4FDFB /* Typography.swift in Sources */ = {isa = PBXBuildFile; fileRef = AF3F2A652F3B863C00C4FDFB /* Typography.swift */; };
		AF3F2A742F3B863C00C4FDFB /* TextTypography.swift in Sources */ = {isa = PBXBuildFile; fileRef = AF3F2A632F3B863C00C4FDFB /* TextTypography.swift */; };
		AF3F2A752F3B863C00C4FDFB /* AppBackgroundStyle.swift in Sources */ = {isa = PBXBuildFile; fileRef = AF3F2A5A2F3B863C00C4FDFB /* AppBackgroundStyle.swift */; };
		AF3F2A762F3B863C00C4FDFB /* Theme+Environment.swift in Sources */ = {isa = PBXBuildFile; fileRef = AF3F2A6A2F3B863C00C4FDFB /* Theme+Environment.swift */; };
		AF3F2A772F3B863C00C4FDFB /* ButtonStyles.swift in Sources */ = {isa = PBXBuildFile; fileRef = AF3F2A5F2F3B863C00C4FDFB /* ButtonStyles.swift */; };
		AF3F2A782F3B863C00C4FDFB /* AppLogger.swift in Sources */ = {isa = PBXBuildFile; fileRef = AF3F2A542F3B863C00C4FDFB /* AppLogger.swift */; };
		AF3F2A792F3B863C00C4FDFB /* LogLevel.swift in Sources */ = {isa = PBXBuildFile; fileRef = AF3F2A552F3B863C00C4FDFB /* LogLevel.swift */; };
		AF3F2A7A2F3B863C00C4FDFB /* FontProvider.swift in Sources */ = {isa = PBXBuildFile; fileRef = AF3F2A642F3B863C00C4FDFB /* FontProvider.swift */; };
		AF3F2A7B2F3B863C00C4FDFB /* ThemeManager.swift in Sources */ = {isa = PBXBuildFile; fileRef = AF3F2A692F3B863C00C4FDFB /* ThemeManager.swift */; };
		AF3F2A7C2F3B863C00C4FDFB /* AppTheme.swift in Sources */ = {isa = PBXBuildFile; fileRef = AF3F2A682F3B863C00C4FDFB /* AppTheme.swift */; };
		AF3F2A7D2F3B863C00C4FDFB /* BrowserJetLightTheme.swift in Sources */ = {isa = PBXBuildFile; fileRef = AF3F2A5D2F3B863C00C4FDFB /* BrowserJetLightTheme.swift */; };
/* End PBXBuildFile section */

/* Begin PBXFileReference section */
		AF1A41262F3B8BE8005F0AAA /* Base.xcconfig */ = {isa = PBXFileReference; lastKnownFileType = text.xcconfig; path = Base.xcconfig; sourceTree = "<group>"; };
		AF3F2A402F3B85DB00C4FDFB /* BrowserJet.app */ = {isa = PBXFileReference; explicitFileType = wrapper.application; includeInIndex = 0; path = BrowserJet.app; sourceTree = BUILT_PRODUCTS_DIR; };
		AF3F2A432F3B85DB00C4FDFB /* BrowserJetApp.swift */ = {isa = PBXFileReference; lastKnownFileType = sourcecode.swift; path = BrowserJetApp.swift; sourceTree = "<group>"; };
		AF3F2A452F3B85DB00C4FDFB /* ContentView.swift */ = {isa = PBXFileReference; lastKnownFileType = sourcecode.swift; path = ContentView.swift; sourceTree = "<group>"; };
		AF3F2A472F3B85DF00C4FDFB /* Assets.xcassets */ = {isa = PBXFileReference; lastKnownFileType = folder.assetcatalog; path = Assets.xcassets; sourceTree = "<group>"; };
		AF3F2A492F3B85DF00C4FDFB /* BrowserJet.entitlements */ = {isa = PBXFileReference; lastKnownFileType = text.plist.entitlements; path = BrowserJet.entitlements; sourceTree = "<group>"; };
		AF3F2A502F3B863C00C4FDFB /* LauncherView.swift */ = {isa = PBXFileReference; lastKnownFileType = sourcecode.swift; path = LauncherView.swift; sourceTree = "<group>"; };
		AF3F2A542F3B863C00C4FDFB /* AppLogger.swift */ = {isa = PBXFileReference; lastKnownFileType = sourcecode.swift; path = AppLogger.swift; sourceTree = "<group>"; };
		AF3F2A552F3B863C00C4FDFB /* LogLevel.swift */ = {isa = PBXFileReference; lastKnownFileType = sourcecode.swift; path = LogLevel.swift; sourceTree = "<group>"; };
		AF3F2A5A2F3B863C00C4FDFB /* AppBackgroundStyle.swift */ = {isa = PBXFileReference; lastKnownFileType = sourcecode.swift; path = AppBackgroundStyle.swift; sourceTree = "<group>"; };
		AF3F2A5C2F3B863C00C4FDFB /* BrowserJetDarkTheme.swift */ = {isa = PBXFileReference; lastKnownFileType = sourcecode.swift; path = BrowserJetDarkTheme.swift; sourceTree = "<group>"; };
		AF3F2A5D2F3B863C00C4FDFB /* BrowserJetLightTheme.swift */ = {isa = PBXFileReference; lastKnownFileType = sourcecode.swift; path = BrowserJetLightTheme.swift; sourceTree = "<group>"; };
		AF3F2A5F2F3B863C00C4FDFB /* ButtonStyles.swift */ = {isa = PBXFileReference; lastKnownFileType = sourcecode.swift; path = ButtonStyles.swift; sourceTree = "<group>"; };
		AF3F2A602F3B863C00C4FDFB /* BodyStyles.swift */ = {isa = PBXFileReference; lastKnownFileType = sourcecode.swift; path = BodyStyles.swift; sourceTree = "<group>"; };
		AF3F2A612F3B863C00C4FDFB /* TitleStyles.swift */ = {isa = PBXFileReference; lastKnownFileType = sourcecode.swift; path = TitleStyles.swift; sourceTree = "<group>"; };
		AF3F2A632F3B863C00C4FDFB /* TextTypography.swift */ = {isa = PBXFileReference; lastKnownFileType = sourcecode.swift; path = TextTypography.swift; sourceTree = "<group>"; };
		AF3F2A642F3B863C00C4FDFB /* FontProvider.swift */ = {isa = PBXFileReference; lastKnownFileType = sourcecode.swift; path = FontProvider.swift; sourceTree = "<group>"; };
		AF3F2A652F3B863C00C4FDFB /* Typography.swift */ = {isa = PBXFileReference; lastKnownFileType = sourcecode.swift; path = Typography.swift; sourceTree = "<group>"; };
		AF3F2A662F3B863C00C4FDFB /* AppTypography.swift */ = {isa = PBXFileReference; lastKnownFileType = sourcecode.swift; path = AppTypography.swift; sourceTree = "<group>"; };
		AF3F2A682F3B863C00C4FDFB /* AppTheme.swift */ = {isa = PBXFileReference; lastKnownFileType = sourcecode.swift; path = AppTheme.swift; sourceTree = "<group>"; };
		AF3F2A692F3B863C00C4FDFB /* ThemeManager.swift */ = {isa = PBXFileReference; lastKnownFileType = sourcecode.swift; path = ThemeManager.swift; sourceTree = "<group>"; };
		AF3F2A6A2F3B863C00C4FDFB /* Theme+Environment.swift */ = {isa = PBXFileReference; lastKnownFileType = sourcecode.swift; path = "Theme+Environment.swift"; sourceTree = "<group>"; };
/* End PBXFileReference section */

/* Begin PBXFrameworksBuildPhase section */
		AF3F2A3D2F3B85DB00C4FDFB /* Frameworks */ = {
			isa = PBXFrameworksBuildPhase;
			buildActionMask = 2147483647;
			files = (
			);
			runOnlyForDeploymentPostprocessing = 0;
		};
/* End PBXFrameworksBuildPhase section */

/* Begin PBXGroup section */
		AF1A41272F3B8BE8005F0AAA /* Configurations */ = {
			isa = PBXGroup;
			children = (
				AF1A41262F3B8BE8005F0AAA /* Base.xcconfig */,
			);
			path = Configurations;
			sourceTree = "<group>";
		};
		AF3F2A372F3B85DB00C4FDFB = {
			isa = PBXGroup;
			children = (
				AF3F2A4F2F3B85EC00C4FDFB /* BrowserJet */,
				AF3F2A412F3B85DB00C4FDFB /* Products */,
			);
			sourceTree = "<group>";
		};
		AF3F2A412F3B85DB00C4FDFB /* Products */ = {
			isa = PBXGroup;
			children = (
				AF3F2A402F3B85DB00C4FDFB /* BrowserJet.app */,
			);
			name = Products;
			sourceTree = "<group>";
		};
		AF3F2A4F2F3B85EC00C4FDFB /* BrowserJet */ = {
			isa = PBXGroup;
			children = (
				AF1A41272F3B8BE8005F0AAA /* Configurations */,
				AF3F2A522F3B863C00C4FDFB /* Features */,
				AF3F2A532F3B863C00C4FDFB /* Views */,
				AF3F2A572F3B863C00C4FDFB /* AppFoundation */,
				AF3F2A582F3B863C00C4FDFB /* Resources */,
				AF3F2A6D2F3B863C00C4FDFB /* DesignSystem */,
				AF3F2A472F3B85DF00C4FDFB /* Assets.xcassets */,
				AF3F2A492F3B85DF00C4FDFB /* BrowserJet.entitlements */,
				AF3F2A432F3B85DB00C4FDFB /* BrowserJetApp.swift */,
				AF3F2A452F3B85DB00C4FDFB /* ContentView.swift */,
			);
			path = BrowserJet;
			sourceTree = "<group>";
		};
		AF3F2A512F3B863C00C4FDFB /* Launcher */ = {
			isa = PBXGroup;
			children = (
				AF3F2A502F3B863C00C4FDFB /* LauncherView.swift */,
			);
			path = Launcher;
			sourceTree = "<group>";
		};
		AF3F2A522F3B863C00C4FDFB /* Features */ = {
			isa = PBXGroup;
			children = (
				AF3F2A512F3B863C00C4FDFB /* Launcher */,
			);
			path = Features;
			sourceTree = "<group>";
		};
		AF3F2A532F3B863C00C4FDFB /* Views */ = {
			isa = PBXGroup;
			children = (
			);
			path = Views;
			sourceTree = "<group>";
		};
		AF3F2A562F3B863C00C4FDFB /* Logging */ = {
			isa = PBXGroup;
			children = (
				AF3F2A542F3B863C00C4FDFB /* AppLogger.swift */,
				AF3F2A552F3B863C00C4FDFB /* LogLevel.swift */,
			);
			path = Logging;
			sourceTree = "<group>";
		};
		AF3F2A572F3B863C00C4FDFB /* AppFoundation */ = {
			isa = PBXGroup;
			children = (
				AF3F2A562F3B863C00C4FDFB /* Logging */,
			);
			path = AppFoundation;
			sourceTree = "<group>";
		};
		AF3F2A582F3B863C00C4FDFB /* Resources */ = {
			isa = PBXGroup;
			children = (
			);
			path = Resources;
			sourceTree = "<group>";
		};
		AF3F2A592F3B863C00C4FDFB /* Components */ = {
			isa = PBXGroup;
			children = (
			);
			path = Components;
			sourceTree = "<group>";
		};
		AF3F2A5B2F3B863C00C4FDFB /* Background */ = {
			isa = PBXGroup;
			children = (
				AF3F2A5A2F3B863C00C4FDFB /* AppBackgroundStyle.swift */,
			);
			path = Background;
			sourceTree = "<group>";
		};
		AF3F2A5E2F3B863C00C4FDFB /* Colors */ = {
			isa = PBXGroup;
			children = (
				AF3F2A5C2F3B863C00C4FDFB /* BrowserJetDarkTheme.swift */,
				AF3F2A5D2F3B863C00C4FDFB /* BrowserJetLightTheme.swift */,
			);
			path = Colors;
			sourceTree = "<group>";
		};
		AF3F2A622F3B863C00C4FDFB /* Styles */ = {
			isa = PBXGroup;
			children = (
				AF3F2A5F2F3B863C00C4FDFB /* ButtonStyles.swift */,
				AF3F2A602F3B863C00C4FDFB /* BodyStyles.swift */,
				AF3F2A612F3B863C00C4FDFB /* TitleStyles.swift */,
			);
			path = Styles;
			sourceTree = "<group>";
		};
		AF3F2A672F3B863C00C4FDFB /* Typography */ = {
			isa = PBXGroup;
			children = (
				AF3F2A622F3B863C00C4FDFB /* Styles */,
				AF3F2A632F3B863C00C4FDFB /* TextTypography.swift */,
				AF3F2A642F3B863C00C4FDFB /* FontProvider.swift */,
				AF3F2A652F3B863C00C4FDFB /* Typography.swift */,
				AF3F2A662F3B863C00C4FDFB /* AppTypography.swift */,
			);
			path = Typography;
			sourceTree = "<group>";
		};
		AF3F2A6B2F3B863C00C4FDFB /* Core */ = {
			isa = PBXGroup;
			children = (
				AF3F2A682F3B863C00C4FDFB /* AppTheme.swift */,
				AF3F2A692F3B863C00C4FDFB /* ThemeManager.swift */,
				AF3F2A6A2F3B863C00C4FDFB /* Theme+Environment.swift */,
			);
			path = Core;
			sourceTree = "<group>";
		};
		AF3F2A6C2F3B863C00C4FDFB /* Theme */ = {
			isa = PBXGroup;
			children = (
				AF3F2A592F3B863C00C4FDFB /* Components */,
				AF3F2A5B2F3B863C00C4FDFB /* Background */,
				AF3F2A5E2F3B863C00C4FDFB /* Colors */,
				AF3F2A672F3B863C00C4FDFB /* Typography */,
				AF3F2A6B2F3B863C00C4FDFB /* Core */,
			);
			path = Theme;
			sourceTree = "<group>";
		};
		AF3F2A6D2F3B863C00C4FDFB /* DesignSystem */ = {
			isa = PBXGroup;
			children = (
				AF3F2A6C2F3B863C00C4FDFB /* Theme */,
			);
			path = DesignSystem;
			sourceTree = "<group>";
		};
/* End PBXGroup section */

/* Begin PBXNativeTarget section */
		AF3F2A3F2F3B85DB00C4FDFB /* BrowserJet */ = {
			isa = PBXNativeTarget;
			buildConfigurationList = AF3F2A4C2F3B85DF00C4FDFB /* Build configuration list for PBXNativeTarget "BrowserJet" */;
			buildPhases = (
				AF1A41292F3B92F9005F0AAA /* SwiftLint */,
				AF3F2A3C2F3B85DB00C4FDFB /* Sources */,
				AF3F2A3D2F3B85DB00C4FDFB /* Frameworks */,
				AF3F2A3E2F3B85DB00C4FDFB /* Resources */,
			);
			buildRules = (
			);
			dependencies = (
			);
			name = BrowserJet;
			packageProductDependencies = (
			);
			productName = BrowserJet;
			productReference = AF3F2A402F3B85DB00C4FDFB /* BrowserJet.app */;
			productType = "com.apple.product-type.application";
		};
/* End PBXNativeTarget section */

/* Begin PBXProject section */
		AF3F2A382F3B85DB00C4FDFB /* Project object */ = {
			isa = PBXProject;
			attributes = {
				BuildIndependentTargetsInParallel = 1;
				LastSwiftUpdateCheck = 1640;
				LastUpgradeCheck = 1640;
				TargetAttributes = {
					AF3F2A3F2F3B85DB00C4FDFB = {
						CreatedOnToolsVersion = 16.4;
					};
				};
			};
			buildConfigurationList = AF3F2A3B2F3B85DB00C4FDFB /* Build configuration list for PBXProject "BrowserJet" */;
			developmentRegion = en;
			hasScannedForEncodings = 0;
			knownRegions = (
				en,
				Base,
			);
			mainGroup = AF3F2A372F3B85DB00C4FDFB;
			minimizedProjectReferenceProxies = 1;
			preferredProjectObjectVersion = 77;
			productRefGroup = AF3F2A412F3B85DB00C4FDFB /* Products */;
			projectDirPath = "";
			projectRoot = "";
			targets = (
				AF3F2A3F2F3B85DB00C4FDFB /* BrowserJet */,
			);
		};
/* End PBXProject section */

/* Begin PBXResourcesBuildPhase section */
		AF3F2A3E2F3B85DB00C4FDFB /* Resources */ = {
			isa = PBXResourcesBuildPhase;
			buildActionMask = 2147483647;
			files = (
				AF3F2A482F3B85DF00C4FDFB /* Assets.xcassets in Resources */,
				AF1A41282F3B8BE8005F0AAA /* Base.xcconfig in Resources */,
			);
			runOnlyForDeploymentPostprocessing = 0;
		};
/* End PBXResourcesBuildPhase section */

/* Begin PBXShellScriptBuildPhase section */
		AF1A41292F3B92F9005F0AAA /* SwiftLint */ = {
			isa = PBXShellScriptBuildPhase;
			buildActionMask = 2147483647;
			files = (
			);
			inputFileListPaths = (
			);
			inputPaths = (
			);
			name = SwiftLint;
			outputFileListPaths = (
			);
			outputPaths = (
			);
			runOnlyForDeploymentPostprocessing = 0;
			shellPath = /bin/sh;
			shellScript = "#!/bin/bash\n\n# --------------------------------------------------\n# SwiftLint Run Script (xcconfig-driven)\n# --------------------------------------------------\n\nexport PATH=\"$PATH:/opt/homebrew/bin:/usr/local/bin\"\n\ncd \"$SRCROOT\" || exit 0\n\n# Read from xcconfig\nSWIFTLINT_ENABLED=\"${SWIFTLINT_ENABLED}\"\nSWIFTLINT_CONFIG_FILE=\"${SWIFTLINT_CONFIG_FILE}\"\n\n# 1. Check if SwiftLint is enabled\nif [ \"$SWIFTLINT_ENABLED\" != \"YES\" ]; then\n  echo \"ℹ️ SwiftLint disabled for this configuration. Skipping.\"\n  exit 0\nfi\n\n# 2. Check SwiftLint installation\nif ! command -v swiftlint >/dev/null 2>&1; then\n  echo \"warning: SwiftLint not installed. Download from https://github.com/realm/SwiftLint\"\n  exit 0\nfi\n\n# 3. Validate config file\nif [ -z \"$SWIFTLINT_CONFIG_FILE\" ]; then\n  echo \"warning: SWIFTLINT_CONFIG_FILE not set. Skipping SwiftLint.\"\n  exit 0\nfi\n\nif [ ! -f \"$SWIFTLINT_CONFIG_FILE\" ]; then\n  echo \"warning: SwiftLint config '$SWIFTLINT_CONFIG_FILE' not found. Skipping.\"\n  exit 0\nfi\n\n# 4. Run SwiftLint\necho \"🔍 Running SwiftLint using config: $SWIFTLINT_CONFIG_FILE\"\nswiftlint lint --no-cache --config \"$SWIFTLINT_CONFIG_FILE\"\n";
		};
/* End PBXShellScriptBuildPhase section */

/* Begin PBXSourcesBuildPhase section */
		AF3F2A3C2F3B85DB00C4FDFB /* Sources */ = {
			isa = PBXSourcesBuildPhase;
			buildActionMask = 2147483647;
			files = (
				AF3F2A462F3B85DB00C4FDFB /* ContentView.swift in Sources */,
				AF3F2A6E2F3B863C00C4FDFB /* BodyStyles.swift in Sources */,
				AF3F2A6F2F3B863C00C4FDFB /* LauncherView.swift in Sources */,
				AF3F2A702F3B863C00C4FDFB /* BrowserJetDarkTheme.swift in Sources */,
				AF3F2A712F3B863C00C4FDFB /* AppTypography.swift in Sources */,
				AF3F2A722F3B863C00C4FDFB /* TitleStyles.swift in Sources */,
				AF3F2A732F3B863C00C4FDFB /* Typography.swift in Sources */,
				AF3F2A742F3B863C00C4FDFB /* TextTypography.swift in Sources */,
				AF3F2A752F3B863C00C4FDFB /* AppBackgroundStyle.swift in Sources */,
				AF3F2A762F3B863C00C4FDFB /* Theme+Environment.swift in Sources */,
				AF3F2A772F3B863C00C4FDFB /* ButtonStyles.swift in Sources */,
				AF3F2A782F3B863C00C4FDFB /* AppLogger.swift in Sources */,
				AF3F2A792F3B863C00C4FDFB /* LogLevel.swift in Sources */,
				AF3F2A7A2F3B863C00C4FDFB /* FontProvider.swift in Sources */,
				AF3F2A7B2F3B863C00C4FDFB /* ThemeManager.swift in Sources */,
				AF3F2A7C2F3B863C00C4FDFB /* AppTheme.swift in Sources */,
				AF3F2A7D2F3B863C00C4FDFB /* BrowserJetLightTheme.swift in Sources */,
				AF3F2A442F3B85DB00C4FDFB /* BrowserJetApp.swift in Sources */,
			);
			runOnlyForDeploymentPostprocessing = 0;
		};
/* End PBXSourcesBuildPhase section */

/* Begin XCBuildConfiguration section */
		AF3F2A4A2F3B85DF00C4FDFB /* Debug */ = {
			isa = XCBuildConfiguration;
			baseConfigurationReference = AF1A41262F3B8BE8005F0AAA /* Base.xcconfig */;
			buildSettings = {
				ALWAYS_SEARCH_USER_PATHS = NO;
				ASSETCATALOG_COMPILER_GENERATE_SWIFT_ASSET_SYMBOL_EXTENSIONS = YES;
				CLANG_ANALYZER_NONNULL = YES;
				CLANG_ANALYZER_NUMBER_OBJECT_CONVERSION = YES_AGGRESSIVE;
				CLANG_CXX_LANGUAGE_STANDARD = "gnu++20";
				CLANG_ENABLE_MODULES = YES;
				CLANG_ENABLE_OBJC_ARC = YES;
				CLANG_ENABLE_OBJC_WEAK = YES;
				CLANG_WARN_BLOCK_CAPTURE_AUTORELEASING = YES;
				CLANG_WARN_BOOL_CONVERSION = YES;
				CLANG_WARN_COMMA = YES;
				CLANG_WARN_CONSTANT_CONVERSION = YES;
				CLANG_WARN_DEPRECATED_OBJC_IMPLEMENTATIONS = YES;
				CLANG_WARN_DIRECT_OBJC_ISA_USAGE = YES_ERROR;
				CLANG_WARN_DOCUMENTATION_COMMENTS = YES;
				CLANG_WARN_EMPTY_BODY = YES;
				CLANG_WARN_ENUM_CONVERSION = YES;
				CLANG_WARN_INFINITE_RECURSION = YES;
				CLANG_WARN_INT_CONVERSION = YES;
				CLANG_WARN_NON_LITERAL_NULL_CONVERSION = YES;
				CLANG_WARN_OBJC_IMPLICIT_RETAIN_SELF = YES;
				CLANG_WARN_OBJC_LITERAL_CONVERSION = YES;
				CLANG_WARN_OBJC_ROOT_CLASS = YES_ERROR;
				CLANG_WARN_QUOTED_INCLUDE_IN_FRAMEWORK_HEADER = YES;
				CLANG_WARN_RANGE_LOOP_ANALYSIS = YES;
				CLANG_WARN_STRICT_PROTOTYPES = YES;
				CLANG_WARN_SUSPICIOUS_MOVE = YES;
				CLANG_WARN_UNGUARDED_AVAILABILITY = YES_AGGRESSIVE;
				CLANG_WARN_UNREACHABLE_CODE = YES;
				CLANG_WARN__DUPLICATE_METHOD_MATCH = YES;
				COPY_PHASE_STRIP = NO;
				DEBUG_INFORMATION_FORMAT = dwarf;
				ENABLE_STRICT_OBJC_MSGSEND = YES;
				ENABLE_TESTABILITY = YES;
				ENABLE_USER_SCRIPT_SANDBOXING = NO;
				GCC_C_LANGUAGE_STANDARD = gnu17;
				GCC_DYNAMIC_NO_PIC = NO;
				GCC_NO_COMMON_BLOCKS = YES;
				GCC_OPTIMIZATION_LEVEL = 0;
				GCC_PREPROCESSOR_DEFINITIONS = (
					"DEBUG=1",
					"$(inherited)",
				);
				GCC_WARN_64_TO_32_BIT_CONVERSION = YES;
				GCC_WARN_ABOUT_RETURN_TYPE = YES_ERROR;
				GCC_WARN_UNDECLARED_SELECTOR = YES;
				GCC_WARN_UNINITIALIZED_AUTOS = YES_AGGRESSIVE;
				GCC_WARN_UNUSED_FUNCTION = YES;
				GCC_WARN_UNUSED_VARIABLE = YES;
				LOCALIZATION_PREFERS_STRING_CATALOGS = YES;
				MACOSX_DEPLOYMENT_TARGET = 15.5;
				MTL_ENABLE_DEBUG_INFO = INCLUDE_SOURCE;
				MTL_FAST_MATH = YES;
				ONLY_ACTIVE_ARCH = YES;
				SDKROOT = macosx;
				SWIFT_ACTIVE_COMPILATION_CONDITIONS = "DEBUG $(inherited)";
				SWIFT_OPTIMIZATION_LEVEL = "-Onone";
			};
			name = Debug;
		};
		AF3F2A4B2F3B85DF00C4FDFB /* Release */ = {
			isa = XCBuildConfiguration;
			baseConfigurationReference = AF1A41262F3B8BE8005F0AAA /* Base.xcconfig */;
			buildSettings = {
				ALWAYS_SEARCH_USER_PATHS = NO;
				ASSETCATALOG_COMPILER_GENERATE_SWIFT_ASSET_SYMBOL_EXTENSIONS = YES;
				CLANG_ANALYZER_NONNULL = YES;
				CLANG_ANALYZER_NUMBER_OBJECT_CONVERSION = YES_AGGRESSIVE;
				CLANG_CXX_LANGUAGE_STANDARD = "gnu++20";
				CLANG_ENABLE_MODULES = YES;
				CLANG_ENABLE_OBJC_ARC = YES;
				CLANG_ENABLE_OBJC_WEAK = YES;
				CLANG_WARN_BLOCK_CAPTURE_AUTORELEASING = YES;
				CLANG_WARN_BOOL_CONVERSION = YES;
				CLANG_WARN_COMMA = YES;
				CLANG_WARN_CONSTANT_CONVERSION = YES;
				CLANG_WARN_DEPRECATED_OBJC_IMPLEMENTATIONS = YES;
				CLANG_WARN_DIRECT_OBJC_ISA_USAGE = YES_ERROR;
				CLANG_WARN_DOCUMENTATION_COMMENTS = YES;
				CLANG_WARN_EMPTY_BODY = YES;
				CLANG_WARN_ENUM_CONVERSION = YES;
				CLANG_WARN_INFINITE_RECURSION = YES;
				CLANG_WARN_INT_CONVERSION = YES;
				CLANG_WARN_NON_LITERAL_NULL_CONVERSION = YES;
				CLANG_WARN_OBJC_IMPLICIT_RETAIN_SELF = YES;
				CLANG_WARN_OBJC_LITERAL_CONVERSION = YES;
				CLANG_WARN_OBJC_ROOT_CLASS = YES_ERROR;
				CLANG_WARN_QUOTED_INCLUDE_IN_FRAMEWORK_HEADER = YES;
				CLANG_WARN_RANGE_LOOP_ANALYSIS = YES;
				CLANG_WARN_STRICT_PROTOTYPES = YES;
				CLANG_WARN_SUSPICIOUS_MOVE = YES;
				CLANG_WARN_UNGUARDED_AVAILABILITY = YES_AGGRESSIVE;
				CLANG_WARN_UNREACHABLE_CODE = YES;
				CLANG_WARN__DUPLICATE_METHOD_MATCH = YES;
				COPY_PHASE_STRIP = NO;
				DEBUG_INFORMATION_FORMAT = "dwarf-with-dsym";
				ENABLE_NS_ASSERTIONS = NO;
				ENABLE_STRICT_OBJC_MSGSEND = YES;
				ENABLE_USER_SCRIPT_SANDBOXING = NO;
				GCC_C_LANGUAGE_STANDARD = gnu17;
				GCC_NO_COMMON_BLOCKS = YES;
				GCC_WARN_64_TO_32_BIT_CONVERSION = YES;
				GCC_WARN_ABOUT_RETURN_TYPE = YES_ERROR;
				GCC_WARN_UNDECLARED_SELECTOR = YES;
				GCC_WARN_UNINITIALIZED_AUTOS = YES_AGGRESSIVE;
				GCC_WARN_UNUSED_FUNCTION = YES;
				GCC_WARN_UNUSED_VARIABLE = YES;
				LOCALIZATION_PREFERS_STRING_CATALOGS = YES;
				MACOSX_DEPLOYMENT_TARGET = 15.5;
				MTL_ENABLE_DEBUG_INFO = NO;
				MTL_FAST_MATH = YES;
				SDKROOT = macosx;
				SWIFT_COMPILATION_MODE = wholemodule;
			};
			name = Release;
		};
		AF3F2A4D2F3B85DF00C4FDFB /* Debug */ = {
			isa = XCBuildConfiguration;
			baseConfigurationReference = AF1A41262F3B8BE8005F0AAA /* Base.xcconfig */;
			buildSettings = {
				ASSETCATALOG_COMPILER_APPICON_NAME = AppIcon;
				ASSETCATALOG_COMPILER_GLOBAL_ACCENT_COLOR_NAME = AccentColor;
				CODE_SIGN_ENTITLEMENTS = BrowserJet/BrowserJet.entitlements;
				CODE_SIGN_STYLE = Automatic;
				COMBINE_HIDPI_IMAGES = YES;
				CURRENT_PROJECT_VERSION = 1;
				ENABLE_PREVIEWS = YES;
				GENERATE_INFOPLIST_FILE = YES;
				INFOPLIST_KEY_CFBundleDisplayName = "$(APP_DISPLAY_NAME)";
				INFOPLIST_KEY_NSHumanReadableCopyright = "$(INFOPLIST_KEY_NSHumanReadableCopyright)";
				LD_RUNPATH_SEARCH_PATHS = (
					"$(inherited)",
					"@executable_path/../Frameworks",
				);
				PRODUCT_MODULE_NAME = "$(inherited)";
				PRODUCT_NAME = "$(TARGET_NAME)";
				REGISTER_APP_GROUPS = YES;
				SWIFT_EMIT_LOC_STRINGS = YES;
				SWIFT_VERSION = 5.0;
			};
			name = Debug;
		};
		AF3F2A4E2F3B85DF00C4FDFB /* Release */ = {
			isa = XCBuildConfiguration;
			baseConfigurationReference = AF1A41262F3B8BE8005F0AAA /* Base.xcconfig */;
			buildSettings = {
				ASSETCATALOG_COMPILER_APPICON_NAME = AppIcon;
				ASSETCATALOG_COMPILER_GLOBAL_ACCENT_COLOR_NAME = AccentColor;
				CODE_SIGN_ENTITLEMENTS = BrowserJet/BrowserJet.entitlements;
				CODE_SIGN_STYLE = Automatic;
				COMBINE_HIDPI_IMAGES = YES;
				CURRENT_PROJECT_VERSION = 1;
				ENABLE_PREVIEWS = YES;
				GENERATE_INFOPLIST_FILE = YES;
				INFOPLIST_KEY_CFBundleDisplayName = "$(APP_DISPLAY_NAME)";
				INFOPLIST_KEY_NSHumanReadableCopyright = "$(INFOPLIST_KEY_NSHumanReadableCopyright)";
				LD_RUNPATH_SEARCH_PATHS = (
					"$(inherited)",
					"@executable_path/../Frameworks",
				);
				PRODUCT_MODULE_NAME = "$(inherited)";
				PRODUCT_NAME = "$(TARGET_NAME)";
				REGISTER_APP_GROUPS = YES;
				SWIFT_EMIT_LOC_STRINGS = YES;
				SWIFT_VERSION = 5.0;
			};
			name = Release;
		};
/* End XCBuildConfiguration section */

/* Begin XCConfigurationList section */
		AF3F2A3B2F3B85DB00C4FDFB /* Build configuration list for PBXProject "BrowserJet" */ = {
			isa = XCConfigurationList;
			buildConfigurations = (
				AF3F2A4A2F3B85DF00C4FDFB /* Debug */,
				AF3F2A4B2F3B85DF00C4FDFB /* Release */,
			);
			defaultConfigurationIsVisible = 0;
			defaultConfigurationName = Release;
		};
		AF3F2A4C2F3B85DF00C4FDFB /* Build configuration list for PBXNativeTarget "BrowserJet" */ = {
			isa = XCConfigurationList;
			buildConfigurations = (
				AF3F2A4D2F3B85DF00C4FDFB /* Debug */,
				AF3F2A4E2F3B85DF00C4FDFB /* Release */,
			);
			defaultConfigurationIsVisible = 0;
			defaultConfigurationName = Release;
		};
/* End XCConfigurationList section */
	};
	rootObject = AF3F2A382F3B85DB00C4FDFB /* Project object */;
}
